<?xml version="1.0" encoding="utf-8"?>
<Project ToolsVersion="4.0" xmlns="http://schemas.microsoft.com/developer/msbuild/2003">
  <ItemGroup>
    <Filter Include="ヘッダー ファイル">
      <UniqueIdentifier>{93995380-89BD-4b04-88EB-625FBE52EBFB}</UniqueIdentifier>
      <Extensions>h;hh;hpp;hxx;hm;inl;inc;xsd</Extensions>
    </Filter>
    <Filter Include="リソース ファイル">
      <UniqueIdentifier>{67DA6AB6-F800-4c08-8B7A-83BB121AAD01}</UniqueIdentifier>
      <Extensions>rc;ico;cur;bmp;dlg;rc2;rct;bin;rgs;gif;jpg;jpeg;jpe;resx;tiff;tif;png;wav;mfcribbon-ms</Extensions>
    </Filter>
    <Filter Include="ヘッダー ファイル\actor">
      <UniqueIdentifier>{2246a75d-e06b-40fd-a1a8-a1a3afec84c4}</UniqueIdentifier>
    </Filter>
    <Filter Include="ヘッダー ファイル\math">
      <UniqueIdentifier>{c75ae539-64b7-4c06-8841-df9a0796b241}</UniqueIdentifier>
    </Filter>
    <Filter Include="ヘッダー ファイル\entity">
      <UniqueIdentifier>{8e23d08f-a5bb-43ce-8d92-f52edd157abe}</UniqueIdentifier>
    </Filter>
    <Filter Include="ヘッダー ファイル\renderer">
      <UniqueIdentifier>{2b2e0ff7-f4a0-4ef5-ada6-2b104d095a2d}</UniqueIdentifier>
    </Filter>
    <Filter Include="ヘッダー ファイル\data">
      <UniqueIdentifier>{9008e198-226a-4d33-9161-f582b92ab69e}</UniqueIdentifier>
    </Filter>
    <Filter Include="ソース ファイル">
      <UniqueIdentifier>{4FC737F1-C7A5-4376-A066-2A32D752A2FF}</UniqueIdentifier>
      <Extensions>cpp;c;cc;cxx;def;odl;idl;hpj;bat;asm;asmx</Extensions>
    </Filter>
    <Filter Include="ソース ファイル\light">
      <UniqueIdentifier>{0a00c302-c9fb-4d6c-83d3-af30e7e3f276}</UniqueIdentifier>
    </Filter>
    <Filter Include="ソース ファイル\renderer">
      <UniqueIdentifier>{aa7ecfc3-d6f2-48b8-ac99-79c3b283e998}</UniqueIdentifier>
    </Filter>
    <Filter Include="ソース ファイル\data">
      <UniqueIdentifier>{6fe53640-bf53-41bb-8e0d-fd329785c149}</UniqueIdentifier>
    </Filter>
    <Filter Include="ヘッダー ファイル\light">
      <UniqueIdentifier>{96bb23a3-759e-4165-9946-542bf7dcc6d7}</UniqueIdentifier>
    </Filter>
    <Filter Include="ソース ファイル\device">
      <UniqueIdentifier>{8e80c7fd-3fab-4aeb-b550-21490bb8520d}</UniqueIdentifier>
    </Filter>
    <Filter Include="ヘッダー ファイル\device">
      <UniqueIdentifier>{80176e14-bebd-4e22-bc24-503cbc787920}</UniqueIdentifier>
    </Filter>
    <Filter Include="ヘッダー ファイル\array">
      <UniqueIdentifier>{229af078-2adb-4de5-a2bf-786e9ddab527}</UniqueIdentifier>
    </Filter>
    <Filter Include="ソース ファイル\scene">
      <UniqueIdentifier>{0ef0df93-eada-4a65-ac9f-b16e5dfc4405}</UniqueIdentifier>
    </Filter>
    <Filter Include="ソース ファイル\scene\each">
      <UniqueIdentifier>{942ca9f6-110a-4039-adfb-55fefdebb8f5}</UniqueIdentifier>
    </Filter>
    <Filter Include="ヘッダー ファイル\data\id">
      <UniqueIdentifier>{0e44e006-9926-4892-8601-12b87d5e09d5}</UniqueIdentifier>
    </Filter>
    <Filter Include="ソース ファイル\camera">
      <UniqueIdentifier>{975d37c5-230f-47f6-a801-9ad3ca6a7302}</UniqueIdentifier>
    </Filter>
    <Filter Include="ソース ファイル\actor">
      <UniqueIdentifier>{4900f0d3-c46c-4a57-b191-aa0aebddcd2a}</UniqueIdentifier>
    </Filter>
    <Filter Include="ソース ファイル\actor\Player">
      <UniqueIdentifier>{7c1265b2-f6eb-48d2-844d-2d054a86a670}</UniqueIdentifier>
    </Filter>
    <Filter Include="ヘッダー ファイル\actor\Player">
      <UniqueIdentifier>{e5c09450-9b90-4e6b-81f4-8ebe36a23f21}</UniqueIdentifier>
    </Filter>
    <Filter Include="ヘッダー ファイル\animation">
      <UniqueIdentifier>{df5e587a-90bc-43ee-a3f5-e07d31577869}</UniqueIdentifier>
    </Filter>
    <Filter Include="ソース ファイル\animation">
      <UniqueIdentifier>{31cadc3f-2436-46cd-a77d-8c705b5e49e1}</UniqueIdentifier>
    </Filter>
    <Filter Include="ヘッダー ファイル\scene">
      <UniqueIdentifier>{3c3bb691-036c-4973-b0eb-7a7e54713d69}</UniqueIdentifier>
    </Filter>
    <Filter Include="ヘッダー ファイル\scene\each">
      <UniqueIdentifier>{d7397896-6697-4bd7-b092-91c3df135684}</UniqueIdentifier>
    </Filter>
    <Filter Include="ソース ファイル\shape">
      <UniqueIdentifier>{5836e1ef-63ad-44d2-b8a1-bda7e93e8d88}</UniqueIdentifier>
    </Filter>
    <Filter Include="ヘッダー ファイル\shape">
      <UniqueIdentifier>{d1514622-14bc-42f8-8b00-3f830a4d902e}</UniqueIdentifier>
    </Filter>
    <Filter Include="ヘッダー ファイル\map">
      <UniqueIdentifier>{44fc76f1-a64f-4578-9094-160cf249bb25}</UniqueIdentifier>
    </Filter>
    <Filter Include="ソース ファイル\map">
      <UniqueIdentifier>{c5ec5119-50c6-4057-bc3b-83148361c7bc}</UniqueIdentifier>
    </Filter>
    <Filter Include="ヘッダー ファイル\convenient">
      <UniqueIdentifier>{6f14157c-b4c8-4977-97a4-7d6b5d5979df}</UniqueIdentifier>
    </Filter>
    <Filter Include="ソース ファイル\convenient">
      <UniqueIdentifier>{d0cf5e72-4097-46d2-af6f-1b6fb3c150d3}</UniqueIdentifier>
    </Filter>
    <Filter Include="ヘッダー ファイル\subAction">
      <UniqueIdentifier>{8bdf0c07-093b-46da-a850-ca511f2967a9}</UniqueIdentifier>
    </Filter>
    <Filter Include="ソース ファイル\subAction">
      <UniqueIdentifier>{eb9dd5e1-dbda-4042-9f93-c4b85a260fdd}</UniqueIdentifier>
    </Filter>
    <Filter Include="ソース ファイル\collision">
      <UniqueIdentifier>{55fa8113-ac6c-48e9-a2fe-1be145a4126a}</UniqueIdentifier>
    </Filter>
    <Filter Include="ヘッダー ファイル\collision">
      <UniqueIdentifier>{3f38fcce-e724-469a-9c50-143871782b19}</UniqueIdentifier>
    </Filter>
    <Filter Include="ヘッダー ファイル\ui">
      <UniqueIdentifier>{16b8cdc1-bfca-404f-be49-f88c761df387}</UniqueIdentifier>
    </Filter>
    <Filter Include="ソース ファイル\Attack">
      <UniqueIdentifier>{b3584a63-29b0-4d6e-a84a-997d34c3d8b3}</UniqueIdentifier>
    </Filter>
    <Filter Include="ヘッダー ファイル\attack">
      <UniqueIdentifier>{ff5ecd5d-33ad-4631-ac2d-83da52129794}</UniqueIdentifier>
    </Filter>
    <Filter Include="ヘッダー ファイル\actor\Boss">
      <UniqueIdentifier>{e243ef29-ddaf-462f-a8f6-12850c1685bf}</UniqueIdentifier>
    </Filter>
    <Filter Include="ソース ファイル\actor\Boss">
      <UniqueIdentifier>{323bfc0e-052b-4f87-83eb-863867de3785}</UniqueIdentifier>
    </Filter>
    <Filter Include="ソース ファイル\actor\Enemy">
      <UniqueIdentifier>{2762232d-e8da-42ad-a160-bfa11071b017}</UniqueIdentifier>
    </Filter>
    <Filter Include="ヘッダー ファイル\actor\Enemy">
      <UniqueIdentifier>{3c53bf53-57cc-48d0-bf51-5f3a4a1b2d22}</UniqueIdentifier>
    </Filter>
    <Filter Include="ソース ファイル\transform">
      <UniqueIdentifier>{de7a1e9d-d1e3-44f7-99fe-73df8fb283c0}</UniqueIdentifier>
    </Filter>
    <Filter Include="ヘッダー ファイル\transform">
      <UniqueIdentifier>{1cac667a-7706-4899-88f1-8521269775bd}</UniqueIdentifier>
    </Filter>
    <Filter Include="ソース ファイル\math">
      <UniqueIdentifier>{cfe83fe5-37e3-4713-adef-911f2563b574}</UniqueIdentifier>
    </Filter>
    <Filter Include="ヘッダー ファイル\collision\user">
      <UniqueIdentifier>{8657f4be-f93a-4e10-a179-4c015d5d993f}</UniqueIdentifier>
    </Filter>
    <Filter Include="ソース ファイル\collision\user">
      <UniqueIdentifier>{71ffd2a0-d4bf-4877-be1f-40e051a3fb2a}</UniqueIdentifier>
    </Filter>
    <Filter Include="ヘッダー ファイル\state">
      <UniqueIdentifier>{21789184-2e3d-43e0-b9bb-69013a31d2da}</UniqueIdentifier>
    </Filter>
    <Filter Include="ヘッダー ファイル\state\player">
      <UniqueIdentifier>{723d6ed1-26df-44e6-8bd1-f08278e29c5b}</UniqueIdentifier>
    </Filter>
    <Filter Include="ソース ファイル\state">
      <UniqueIdentifier>{5276665f-15e7-4a17-ac8a-3111842ccc23}</UniqueIdentifier>
    </Filter>
    <Filter Include="ソース ファイル\state\player">
      <UniqueIdentifier>{b96dbc08-cab6-4601-af82-7ff2e38cf961}</UniqueIdentifier>
    </Filter>
    <Filter Include="ヘッダー ファイル\data\stream">
      <UniqueIdentifier>{3f24d55d-df60-47c1-95ec-7a6f4d75dd08}</UniqueIdentifier>
    </Filter>
    <Filter Include="ソース ファイル\data\stream">
      <UniqueIdentifier>{a854fa81-4dd8-4f58-9a81-488b57a9faf2}</UniqueIdentifier>
    </Filter>
    <Filter Include="ヘッダー ファイル\camera">
      <UniqueIdentifier>{8b26a032-4802-4034-ae6c-fef2d4b00838}</UniqueIdentifier>
    </Filter>
    <Filter Include="ヘッダー ファイル\data\loader">
      <UniqueIdentifier>{82692b87-9f44-4733-88d5-c001f5a7c030}</UniqueIdentifier>
    </Filter>
    <Filter Include="ヘッダー ファイル\data\release">
      <UniqueIdentifier>{1349821b-89f8-4079-8f0a-ca98973390e2}</UniqueIdentifier>
    </Filter>
    <Filter Include="ヘッダー ファイル\renderer\define">
      <UniqueIdentifier>{5ed4ec42-4b90-43eb-a3f0-4cb703c08bd9}</UniqueIdentifier>
    </Filter>
    <Filter Include="ソース ファイル\data\loader">
      <UniqueIdentifier>{654a986c-bb5c-45f9-8faa-f222fa53c26c}</UniqueIdentifier>
    </Filter>
    <Filter Include="ソース ファイル\data\release">
      <UniqueIdentifier>{08118a73-cce9-48ef-86d2-8142ab2d0754}</UniqueIdentifier>
    </Filter>
    <Filter Include="ヘッダー ファイル\specialskill">
      <UniqueIdentifier>{14d6b4e4-950f-444d-9dfe-4d181a76bcce}</UniqueIdentifier>
    </Filter>
    <Filter Include="ソース ファイル\specialskill">
      <UniqueIdentifier>{b54e2d1f-ac6c-4d08-8e69-60a38e673578}</UniqueIdentifier>
    </Filter>
    <Filter Include="ソース ファイル\state\enemy">
      <UniqueIdentifier>{33e2b51a-9efa-44c9-a970-f8a4460dd7e5}</UniqueIdentifier>
    </Filter>
    <Filter Include="ヘッダー ファイル\state\enemy">
      <UniqueIdentifier>{b56c9820-80fd-43ce-8cc8-640662d69b9f}</UniqueIdentifier>
    </Filter>
    <Filter Include="ソース ファイル\myanimation">
      <UniqueIdentifier>{639559a3-484d-4188-bccc-4a0c11e8cc82}</UniqueIdentifier>
    </Filter>
    <Filter Include="ヘッダー ファイル\myanimation">
      <UniqueIdentifier>{4cd0ce32-2d56-4438-946e-f678364af05f}</UniqueIdentifier>
    </Filter>
    <Filter Include="ソース ファイル\camera\CameraWork">
      <UniqueIdentifier>{65c16a96-dc38-4033-b1b2-2f1e2471b6db}</UniqueIdentifier>
    </Filter>
    <Filter Include="ヘッダー ファイル\camera\CameraWork">
      <UniqueIdentifier>{a20e3e16-08b2-4175-bbcd-9e8a23603204}</UniqueIdentifier>
    </Filter>
    <Filter Include="ソース ファイル\ui">
      <UniqueIdentifier>{e1c7c17e-ffc4-403f-bd11-65fe45527639}</UniqueIdentifier>
    </Filter>
    <Filter Include="ヘッダー ファイル\stage">
      <UniqueIdentifier>{f7c9d038-70bb-4496-b685-1250306addb6}</UniqueIdentifier>
    </Filter>
    <Filter Include="ヘッダー ファイル\spawn">
      <UniqueIdentifier>{dfb361fd-3e77-4601-88fe-f9b81c52da4b}</UniqueIdentifier>
    </Filter>
    <Filter Include="ソース ファイル\stage">
      <UniqueIdentifier>{4e5ec736-c26f-47fe-b219-f852eb5f23e0}</UniqueIdentifier>
    </Filter>
    <Filter Include="ソース ファイル\spawn">
      <UniqueIdentifier>{2fe8f75c-1654-4e11-8f13-b52c256cf6d9}</UniqueIdentifier>
    </Filter>
    <Filter Include="ヘッダー ファイル\data\json">
      <UniqueIdentifier>{0aa459f6-2444-4006-a24b-ba364376ce0d}</UniqueIdentifier>
    </Filter>
    <Filter Include="ソース ファイル\data\stream\converter">
      <UniqueIdentifier>{0350a71d-d3c6-47d1-8925-2927271ea664}</UniqueIdentifier>
    </Filter>
    <Filter Include="ヘッダー ファイル\data\stream\converter">
      <UniqueIdentifier>{69c6784f-ddd5-4754-817f-f5f75f8bc527}</UniqueIdentifier>
    </Filter>
    <Filter Include="ソース ファイル\spline">
      <UniqueIdentifier>{b43f3699-344b-4ff8-830e-09980be344c0}</UniqueIdentifier>
    </Filter>
    <Filter Include="ヘッダー ファイル\spline">
      <UniqueIdentifier>{ae25f4dc-81d2-4456-af2a-97f8a7cd858f}</UniqueIdentifier>
    </Filter>
  </ItemGroup>
  <ItemGroup>
    <ClInclude Include="header\math\Calculate.h">
      <Filter>ヘッダー ファイル\math</Filter>
    </ClInclude>
    <ClInclude Include="header\light\DirectionalLight.h">
      <Filter>ヘッダー ファイル\light</Filter>
    </ClInclude>
    <ClInclude Include="header\light\PointLight.h">
      <Filter>ヘッダー ファイル\light</Filter>
    </ClInclude>
    <ClInclude Include="header\light\SpotLight.h">
      <Filter>ヘッダー ファイル\light</Filter>
    </ClInclude>
    <ClInclude Include="header\entity\CloneCreator.h">
      <Filter>ヘッダー ファイル\entity</Filter>
    </ClInclude>
    <ClInclude Include="header\entity\EntityManager.h">
      <Filter>ヘッダー ファイル\entity</Filter>
    </ClInclude>
    <ClInclude Include="header\entity\Factory.h">
      <Filter>ヘッダー ファイル\entity</Filter>
    </ClInclude>
    <ClInclude Include="header\device\Input.h">
      <Filter>ヘッダー ファイル\device</Filter>
    </ClInclude>
    <ClInclude Include="header\math\Random.h">
      <Filter>ヘッダー ファイル\math</Filter>
    </ClInclude>
    <ClInclude Include="header\array\Array.h">
      <Filter>ヘッダー ファイル\array</Filter>
    </ClInclude>
    <ClInclude Include="header\array\Array2D.h">
      <Filter>ヘッダー ファイル\array</Filter>
    </ClInclude>
    <ClInclude Include="header\scene\IScene.h">
      <Filter>ヘッダー ファイル\scene</Filter>
    </ClInclude>
    <ClInclude Include="header\scene\SceneManager.h">
      <Filter>ヘッダー ファイル\scene</Filter>
    </ClInclude>
    <ClInclude Include="header\scene\each\Ending.h">
      <Filter>ヘッダー ファイル\scene\each</Filter>
    </ClInclude>
    <ClInclude Include="header\scene\each\GamePlay.h">
      <Filter>ヘッダー ファイル\scene\each</Filter>
    </ClInclude>
    <ClInclude Include="header\scene\each\Load.h">
      <Filter>ヘッダー ファイル\scene\each</Filter>
    </ClInclude>
    <ClInclude Include="header\scene\each\Title.h">
      <Filter>ヘッダー ファイル\scene\each</Filter>
    </ClInclude>
    <ClInclude Include="header\scene\SceneMode.h">
      <Filter>ヘッダー ファイル\scene</Filter>
    </ClInclude>
    <ClInclude Include="header\actor\Actor.h">
      <Filter>ヘッダー ファイル\actor</Filter>
    </ClInclude>
    <ClInclude Include="header\actor\Player\Player.h">
      <Filter>ヘッダー ファイル\actor\Player</Filter>
    </ClInclude>
    <ClInclude Include="header\animation\Animation.h">
      <Filter>ヘッダー ファイル\animation</Filter>
    </ClInclude>
    <ClInclude Include="header\animation\AnimationTimer.h">
      <Filter>ヘッダー ファイル\animation</Filter>
    </ClInclude>
    <ClInclude Include="header\shape\Sphere.h">
      <Filter>ヘッダー ファイル\shape</Filter>
    </ClInclude>
    <ClInclude Include="header\map\Map.h">
      <Filter>ヘッダー ファイル\map</Filter>
    </ClInclude>
    <ClInclude Include="header\shape\Ray.h">
      <Filter>ヘッダー ファイル\shape</Filter>
    </ClInclude>
    <ClInclude Include="header\convenient\Timer.h">
      <Filter>ヘッダー ファイル\convenient</Filter>
    </ClInclude>
    <ClInclude Include="header\actor\Actor_Tag.h">
      <Filter>ヘッダー ファイル\actor</Filter>
    </ClInclude>
    <ClInclude Include="header\shape\Capsule.h">
      <Filter>ヘッダー ファイル\shape</Filter>
    </ClInclude>
    <ClInclude Include="header\shape\Segment.h">
      <Filter>ヘッダー ファイル\shape</Filter>
    </ClInclude>
    <ClInclude Include="header\shape\Shape.h">
      <Filter>ヘッダー ファイル\shape</Filter>
    </ClInclude>
    <ClInclude Include="header\animation\AnimatorOne.h">
      <Filter>ヘッダー ファイル\animation</Filter>
    </ClInclude>
    <ClInclude Include="header\convenient\Point.h">
      <Filter>ヘッダー ファイル\convenient</Filter>
    </ClInclude>
    <ClInclude Include="header\ui\Cursor.h">
      <Filter>ヘッダー ファイル\ui</Filter>
    </ClInclude>
    <ClInclude Include="header\ui\ScaleImage.h">
      <Filter>ヘッダー ファイル\ui</Filter>
    </ClInclude>
    <ClInclude Include="header\ui\SelectUI.h">
      <Filter>ヘッダー ファイル\ui</Filter>
    </ClInclude>
    <ClInclude Include="header\ui\TitleUI.h">
      <Filter>ヘッダー ファイル\ui</Filter>
    </ClInclude>
    <ClInclude Include="header\scene\SceneChange.h">
      <Filter>ヘッダー ファイル\scene</Filter>
    </ClInclude>
    <ClInclude Include="header\ui\Fade.h">
      <Filter>ヘッダー ファイル\ui</Filter>
    </ClInclude>
    <ClInclude Include="header\math\TimeLerpVector.h">
      <Filter>ヘッダー ファイル\math</Filter>
    </ClInclude>
    <ClInclude Include="header\attack\Scythe.h">
      <Filter>ヘッダー ファイル\attack</Filter>
    </ClInclude>
    <ClInclude Include="header\attack\AttackStatus.h">
      <Filter>ヘッダー ファイル\attack</Filter>
    </ClInclude>
    <ClInclude Include="header\attack\AttackStatus.h">
      <Filter>ヘッダー ファイル</Filter>
    </ClInclude>
    <ClInclude Include="header\attack\Attack.h">
      <Filter>ヘッダー ファイル\attack</Filter>
    </ClInclude>
    <ClInclude Include="header\camera\Camera.h">
      <Filter>ヘッダー ファイル\camera</Filter>
    </ClInclude>
    <ClInclude Include="header\camera\CameraController.h">
      <Filter>ヘッダー ファイル\camera</Filter>
    </ClInclude>
    <ClInclude Include="header\actor\Player\Status.h">
      <Filter>ヘッダー ファイル\actor\Player</Filter>
    </ClInclude>
    <ClInclude Include="header\collision\CollisionActor.h">
      <Filter>ヘッダー ファイル\collision</Filter>
    </ClInclude>
    <ClInclude Include="header\collision\CollisionGroup.h">
      <Filter>ヘッダー ファイル\collision</Filter>
    </ClInclude>
    <ClInclude Include="header\scene\each\Option.h">
      <Filter>ヘッダー ファイル\scene\each</Filter>
    </ClInclude>
    <ClInclude Include="header\device\IInputPattern.h">
      <Filter>ヘッダー ファイル\device</Filter>
    </ClInclude>
    <ClInclude Include="header\device\InputPattern_A.h">
      <Filter>ヘッダー ファイル\device</Filter>
    </ClInclude>
    <ClInclude Include="header\device\InputPattern_B.h">
      <Filter>ヘッダー ファイル\device</Filter>
    </ClInclude>
    <ClInclude Include="header\device\GameDevice.h">
      <Filter>ヘッダー ファイル\device</Filter>
    </ClInclude>
    <ClInclude Include="header\scene\each\Opening.h">
      <Filter>ヘッダー ファイル\scene\each</Filter>
    </ClInclude>
    <ClInclude Include="header\ui\SlideImage.h">
      <Filter>ヘッダー ファイル\ui</Filter>
    </ClInclude>
    <ClInclude Include="header\actor\Boss\Boss.h">
      <Filter>ヘッダー ファイル\actor\Boss</Filter>
    </ClInclude>
    <ClInclude Include="header\actor\Player\Gauge.h">
      <Filter>ヘッダー ファイル\actor\Player</Filter>
    </ClInclude>
    <ClInclude Include="header\sound\Sound.h">
      <Filter>ヘッダー ファイル\device</Filter>
    </ClInclude>
    <ClInclude Include="header\camera\LockOn.h">
      <Filter>ヘッダー ファイル\camera</Filter>
    </ClInclude>
    <ClInclude Include="header\transform\Quaternion_Utility.h">
      <Filter>ヘッダー ファイル\transform</Filter>
    </ClInclude>
    <ClInclude Include="header\transform\ToString.h">
      <Filter>ヘッダー ファイル\transform</Filter>
    </ClInclude>
    <ClInclude Include="header\transform\Transform.h">
      <Filter>ヘッダー ファイル\transform</Filter>
    </ClInclude>
    <ClInclude Include="header\collision\Collision_Tag.h">
      <Filter>ヘッダー ファイル\collision</Filter>
    </ClInclude>
    <ClInclude Include="header\collision\HitInformation.h">
      <Filter>ヘッダー ファイル\collision</Filter>
    </ClInclude>
    <ClInclude Include="header\actor\Enemy\EnemyManager.h">
      <Filter>ヘッダー ファイル\actor\Enemy</Filter>
    </ClInclude>
    <ClInclude Include="header\collision\EnemyCollision.h">
      <Filter>ヘッダー ファイル\collision\user</Filter>
    </ClInclude>
    <ClInclude Include="header\collision\EnemyAttackCollision.h">
      <Filter>ヘッダー ファイル\collision\user</Filter>
    </ClInclude>
    <ClInclude Include="header\camera\CameraTarget.h">
      <Filter>ヘッダー ファイル\camera</Filter>
    </ClInclude>
    <ClInclude Include="header\collision\PlayerAttackCollision.h">
      <Filter>ヘッダー ファイル\collision\user</Filter>
    </ClInclude>
    <ClInclude Include="header\collision\PlayerCollision.h">
      <Filter>ヘッダー ファイル\collision\user</Filter>
    </ClInclude>
    <ClInclude Include="header\state\IActorState.h">
      <Filter>ヘッダー ファイル\state</Filter>
    </ClInclude>
    <ClInclude Include="header\state\ActorState.h">
      <Filter>ヘッダー ファイル\state</Filter>
    </ClInclude>
    <ClInclude Include="header\state\ACTOR_STATE.h">
      <Filter>ヘッダー ファイル\state</Filter>
    </ClInclude>
    <ClInclude Include="header\state\player\AttackState.h">
      <Filter>ヘッダー ファイル\state\player</Filter>
    </ClInclude>
    <ClInclude Include="header\state\player\StandState.h">
      <Filter>ヘッダー ファイル\state\player</Filter>
    </ClInclude>
    <ClInclude Include="header\state\player\MoveState.h">
      <Filter>ヘッダー ファイル\state\player</Filter>
    </ClInclude>
    <ClInclude Include="header\state\player\DamageState.h">
      <Filter>ヘッダー ファイル\state\player</Filter>
    </ClInclude>
    <ClInclude Include="header\state\player\StepState.h">
      <Filter>ヘッダー ファイル\state\player</Filter>
    </ClInclude>
    <ClInclude Include="header\state\player\DoubleJumpState.h">
      <Filter>ヘッダー ファイル\state\player</Filter>
    </ClInclude>
    <ClInclude Include="header\state\player\LandingRigidityState.h">
      <Filter>ヘッダー ファイル\state\player</Filter>
    </ClInclude>
    <ClInclude Include="header\state\player\LimitFallState.h">
      <Filter>ヘッダー ファイル\state\player</Filter>
    </ClInclude>
    <ClInclude Include="header\state\player\SingleJumpState.h">
      <Filter>ヘッダー ファイル\state\player</Filter>
    </ClInclude>
    <ClInclude Include="header\subAction\Jumping.h">
      <Filter>ヘッダー ファイル\subAction</Filter>
    </ClInclude>
    <ClInclude Include="header\subAction\Step.h">
      <Filter>ヘッダー ファイル\subAction</Filter>
    </ClInclude>
    <ClInclude Include="header\attack\ComboAttack.h">
      <Filter>ヘッダー ファイル\attack</Filter>
    </ClInclude>
    <ClInclude Include="header\attack\ATTACK_TYPE.h">
      <Filter>ヘッダー ファイル\attack</Filter>
    </ClInclude>
    <ClInclude Include="header\data\stream\DataReader.h">
      <Filter>ヘッダー ファイル\data\stream</Filter>
    </ClInclude>
    <ClInclude Include="header\data\stream\DataWriter.h">
      <Filter>ヘッダー ファイル\data\stream</Filter>
    </ClInclude>
    <ClInclude Include="header\data\stream\AttackReader.h">
      <Filter>ヘッダー ファイル\data\stream</Filter>
    </ClInclude>
    <ClInclude Include="header\attack\LoadAttack.h">
      <Filter>ヘッダー ファイル\attack</Filter>
    </ClInclude>
    <ClInclude Include="header\data\id\ANIMATION_ID.h">
      <Filter>ヘッダー ファイル\data\id</Filter>
    </ClInclude>
    <ClInclude Include="header\data\id\CastID.h">
      <Filter>ヘッダー ファイル\data</Filter>
    </ClInclude>
    <ClInclude Include="header\data\id\ENEMY_ANIMATION.h">
      <Filter>ヘッダー ファイル\data\id</Filter>
    </ClInclude>
    <ClInclude Include="header\data\id\MESH_ID.h">
      <Filter>ヘッダー ファイル\data\id</Filter>
    </ClInclude>
    <ClInclude Include="header\data\id\Model_ID.h">
      <Filter>ヘッダー ファイル\data\id</Filter>
    </ClInclude>
    <ClInclude Include="header\data\id\OCTREE_ID.h">
      <Filter>ヘッダー ファイル\data\id</Filter>
    </ClInclude>
    <ClInclude Include="header\data\id\TEXTURE_ID.h">
      <Filter>ヘッダー ファイル\data\id</Filter>
    </ClInclude>
    <ClInclude Include="header\data\Message.h">
      <Filter>ヘッダー ファイル\data</Filter>
    </ClInclude>
    <ClInclude Include="header\data\loader\AnimationLoader.h">
      <Filter>ヘッダー ファイル\data\loader</Filter>
    </ClInclude>
    <ClInclude Include="header\data\loader\MeshEXLoader.h">
      <Filter>ヘッダー ファイル\data\loader</Filter>
    </ClInclude>
    <ClInclude Include="header\data\loader\MeshLoader.h">
      <Filter>ヘッダー ファイル\data\loader</Filter>
    </ClInclude>
    <ClInclude Include="header\data\loader\ModelLoader.h">
      <Filter>ヘッダー ファイル\data\loader</Filter>
    </ClInclude>
    <ClInclude Include="header\data\loader\OctreeLoader.h">
      <Filter>ヘッダー ファイル\data\loader</Filter>
    </ClInclude>
    <ClInclude Include="header\data\loader\ShaderLoader.h">
      <Filter>ヘッダー ファイル\data\loader</Filter>
    </ClInclude>
    <ClInclude Include="header\data\loader\SkeletonLoader.h">
      <Filter>ヘッダー ファイル\data\loader</Filter>
    </ClInclude>
    <ClInclude Include="header\data\loader\TextureLoader.h">
      <Filter>ヘッダー ファイル\data\loader</Filter>
    </ClInclude>
    <ClInclude Include="header\data\release\DataRelease.h">
      <Filter>ヘッダー ファイル\data\release</Filter>
    </ClInclude>
    <ClInclude Include="header\renderer\define\AnimationRenderDesc.h">
      <Filter>ヘッダー ファイル\renderer\define</Filter>
    </ClInclude>
    <ClInclude Include="header\renderer\define\BillBoardRenderDesc.h">
      <Filter>ヘッダー ファイル\renderer\define</Filter>
    </ClInclude>
    <ClInclude Include="header\renderer\define\BillborardRenderDesc.h">
      <Filter>ヘッダー ファイル\renderer\define</Filter>
    </ClInclude>
    <ClInclude Include="header\renderer\define\BlendFunc.h">
      <Filter>ヘッダー ファイル\renderer\define</Filter>
    </ClInclude>
    <ClInclude Include="header\renderer\define\Color4.h">
      <Filter>ヘッダー ファイル\renderer\define</Filter>
    </ClInclude>
    <ClInclude Include="header\renderer\define\LightDesc.h">
      <Filter>ヘッダー ファイル\renderer\define</Filter>
    </ClInclude>
    <ClInclude Include="header\renderer\define\Matrix4.h">
      <Filter>ヘッダー ファイル\renderer\define</Filter>
    </ClInclude>
    <ClInclude Include="header\renderer\define\MeshDesc.h">
      <Filter>ヘッダー ファイル\renderer\define</Filter>
    </ClInclude>
    <ClInclude Include="header\renderer\define\MeshRenderDesc.h">
      <Filter>ヘッダー ファイル\renderer\define</Filter>
    </ClInclude>
    <ClInclude Include="header\renderer\define\Ray.h">
      <Filter>ヘッダー ファイル\renderer\define</Filter>
    </ClInclude>
    <ClInclude Include="header\renderer\define\Rect.h">
      <Filter>ヘッダー ファイル\renderer\define</Filter>
    </ClInclude>
    <ClInclude Include="header\renderer\define\RectangleRenderDesc.h">
      <Filter>ヘッダー ファイル\renderer\define</Filter>
    </ClInclude>
    <ClInclude Include="header\renderer\define\ResourceID.h">
      <Filter>ヘッダー ファイル\renderer\define</Filter>
    </ClInclude>
    <ClInclude Include="header\renderer\define\SkinnedMeshRenderDesc.h">
      <Filter>ヘッダー ファイル\renderer\define</Filter>
    </ClInclude>
    <ClInclude Include="header\renderer\define\SpriteRenderDesc.h">
      <Filter>ヘッダー ファイル\renderer\define</Filter>
    </ClInclude>
    <ClInclude Include="header\renderer\define\StringRenderDesc.h">
      <Filter>ヘッダー ファイル\renderer\define</Filter>
    </ClInclude>
    <ClInclude Include="header\renderer\define\Type.h">
      <Filter>ヘッダー ファイル\renderer\define</Filter>
    </ClInclude>
    <ClInclude Include="header\renderer\define\Vector2.h">
      <Filter>ヘッダー ファイル\renderer\define</Filter>
    </ClInclude>
    <ClInclude Include="header\renderer\define\Vector3.h">
      <Filter>ヘッダー ファイル\renderer\define</Filter>
    </ClInclude>
    <ClInclude Include="header\renderer\define\ViewportDesc.h">
      <Filter>ヘッダー ファイル\renderer\define</Filter>
    </ClInclude>
    <ClInclude Include="header\renderer\IRenderer.h">
      <Filter>ヘッダー ファイル\renderer</Filter>
    </ClInclude>
    <ClInclude Include="header\renderer\Renderer.h">
      <Filter>ヘッダー ファイル\renderer</Filter>
    </ClInclude>
    <ClInclude Include="header\data\id\SHADER_ID.h">
      <Filter>ヘッダー ファイル\data\id</Filter>
    </ClInclude>
    <ClInclude Include="header\renderer\define\SpriteRectRenderDesc.h">
      <Filter>ヘッダー ファイル\renderer\define</Filter>
    </ClInclude>
    <ClInclude Include="header\data\release\DeleteModel.h">
      <Filter>ヘッダー ファイル\data\release</Filter>
    </ClInclude>
    <ClInclude Include="header\collision\SpecialAttackCollision.h">
      <Filter>ヘッダー ファイル\collision</Filter>
    </ClInclude>
    <ClInclude Include="header\data\loader\SoundLoader.h">
      <Filter>ヘッダー ファイル\data\loader</Filter>
    </ClInclude>
    <ClInclude Include="header\data\id\BGM_ID.h">
      <Filter>ヘッダー ファイル\data\id</Filter>
    </ClInclude>
    <ClInclude Include="header\data\id\SE_ID.h">
      <Filter>ヘッダー ファイル\data\id</Filter>
    </ClInclude>
    <ClInclude Include="header\renderer\define\SkyBoxRenderDesc.h">
      <Filter>ヘッダー ファイル\renderer\define</Filter>
    </ClInclude>
    <ClInclude Include="header\renderer\define\OctreeRenderDesc.h">
      <Filter>ヘッダー ファイル\renderer\define</Filter>
    </ClInclude>
    <ClInclude Include="header\specialskill\SPECIALSKILL_TYPE.h">
      <Filter>ヘッダー ファイル\specialskill</Filter>
    </ClInclude>
    <ClInclude Include="header\specialskill\Recovery.h">
      <Filter>ヘッダー ファイル\specialskill</Filter>
    </ClInclude>
    <ClInclude Include="header\specialskill\ISpecialSkill.h">
      <Filter>ヘッダー ファイル\specialskill</Filter>
    </ClInclude>
    <ClInclude Include="header\specialskill\SuperArmor.h">
      <Filter>ヘッダー ファイル\specialskill</Filter>
    </ClInclude>
    <ClInclude Include="header\specialskill\SpecialAttack.h">
      <Filter>ヘッダー ファイル\specialskill</Filter>
    </ClInclude>
    <ClInclude Include="header\specialskill\SpecialSkillManager.h">
      <Filter>ヘッダー ファイル\specialskill</Filter>
    </ClInclude>
    <ClInclude Include="header\state\player\SpecialAttackState.h">
      <Filter>ヘッダー ファイル\state\player</Filter>
    </ClInclude>
    <ClInclude Include="header\state\enemy\EAttackState.h">
      <Filter>ヘッダー ファイル\state\enemy</Filter>
    </ClInclude>
    <ClInclude Include="header\state\enemy\EDamageState.h">
      <Filter>ヘッダー ファイル\state\enemy</Filter>
    </ClInclude>
    <ClInclude Include="header\state\enemy\EDeadState.h">
      <Filter>ヘッダー ファイル\state\enemy</Filter>
    </ClInclude>
    <ClInclude Include="header\state\enemy\EMoveState.h">
      <Filter>ヘッダー ファイル\state\enemy</Filter>
    </ClInclude>
    <ClInclude Include="header\state\enemy\ESlideState.h">
      <Filter>ヘッダー ファイル\state\enemy</Filter>
    </ClInclude>
    <ClInclude Include="header\state\enemy\ESpawnState.h">
      <Filter>ヘッダー ファイル\state\enemy</Filter>
    </ClInclude>
    <ClInclude Include="header\state\enemy\EStandState.h">
      <Filter>ヘッダー ファイル\state\enemy</Filter>
    </ClInclude>
    <ClInclude Include="header\ui\IPlayUI.h">
      <Filter>ヘッダー ファイル\ui</Filter>
    </ClInclude>
    <ClInclude Include="header\ui\HPGaugeUI.h">
      <Filter>ヘッダー ファイル\ui</Filter>
    </ClInclude>
    <ClInclude Include="header\ui\SPGaugeUI.h">
      <Filter>ヘッダー ファイル\ui</Filter>
    </ClInclude>
    <ClInclude Include="header\ui\UIManager.h">
      <Filter>ヘッダー ファイル\ui</Filter>
    </ClInclude>
    <ClInclude Include="header\myanimation\MyAnimation.h">
      <Filter>ヘッダー ファイル\myanimation</Filter>
    </ClInclude>
    <ClInclude Include="header\myanimation\MYANIMATION_MODE.h">
      <Filter>ヘッダー ファイル\myanimation</Filter>
    </ClInclude>
    <ClInclude Include="header\myanimation\MyAnimationContainer.h">
      <Filter>ヘッダー ファイル\myanimation</Filter>
    </ClInclude>
    <ClInclude Include="header\myanimation\MyAnimationFunc.h">
      <Filter>ヘッダー ファイル\myanimation</Filter>
    </ClInclude>
    <ClInclude Include="header\myanimation\TimeKeyFrame.h">
      <Filter>ヘッダー ファイル\myanimation</Filter>
    </ClInclude>
    <ClInclude Include="header\data\loader\MyAnimationLoader.h">
      <Filter>ヘッダー ファイル\data\loader</Filter>
    </ClInclude>
    <ClInclude Include="header\data\id\MYANIMATION_ID.h">
      <Filter>ヘッダー ファイル\data\id</Filter>
    </ClInclude>
    <ClInclude Include="header\data\stream\LoadMyAnimation.h">
      <Filter>ヘッダー ファイル\data\stream</Filter>
    </ClInclude>
    <ClInclude Include="header\ui\SpecialSkillUI.h">
      <Filter>ヘッダー ファイル\ui</Filter>
    </ClInclude>
    <ClInclude Include="header\ui\SkillUI.h">
      <Filter>ヘッダー ファイル\ui</Filter>
    </ClInclude>
    <ClInclude Include="header\math\TargetLerp.h">
      <Filter>ヘッダー ファイル\math</Filter>
    </ClInclude>
    <ClInclude Include="header\data\release\DataAllRelease.h">
      <Filter>ヘッダー ファイル\data\release</Filter>
    </ClInclude>
    <ClInclude Include="header\camera\CameraWork\CameraWorkData.h">
      <Filter>ヘッダー ファイル\camera\CameraWork</Filter>
    </ClInclude>
    <ClInclude Include="header\camera\CameraWork\CameraWorkDead.h">
      <Filter>ヘッダー ファイル\camera\CameraWork</Filter>
    </ClInclude>
    <ClInclude Include="header\camera\CameraWork\CameraWorkLockOn.h">
      <Filter>ヘッダー ファイル\camera\CameraWork</Filter>
    </ClInclude>
    <ClInclude Include="header\camera\CameraWork\CameraWorkManager.h">
      <Filter>ヘッダー ファイル\camera\CameraWork</Filter>
    </ClInclude>
    <ClInclude Include="header\camera\CameraWork\CameraWorkNormal.h">
      <Filter>ヘッダー ファイル\camera\CameraWork</Filter>
    </ClInclude>
    <ClInclude Include="header\camera\CameraWork\CWParameterReader.h">
      <Filter>ヘッダー ファイル\camera\CameraWork</Filter>
    </ClInclude>
    <ClInclude Include="header\camera\CameraWork\I_CameraWork.h">
      <Filter>ヘッダー ファイル\camera\CameraWork</Filter>
    </ClInclude>
    <ClInclude Include="header\camera\CameraWork\E_CameraWorkID.h">
      <Filter>ヘッダー ファイル\camera\CameraWork</Filter>
    </ClInclude>
    <ClInclude Include="header\scene\each\GameClear.h">
      <Filter>ヘッダー ファイル\scene\each</Filter>
    </ClInclude>
    <ClInclude Include="header\scene\each\Pause.h">
      <Filter>ヘッダー ファイル\scene\each</Filter>
    </ClInclude>
    <ClInclude Include="header\ui\PauseUI.h">
      <Filter>ヘッダー ファイル\ui</Filter>
    </ClInclude>
    <ClInclude Include="header\math\AMath.h">
      <Filter>ヘッダー ファイル\math</Filter>
    </ClInclude>
    <ClInclude Include="header\attack\KnockBack.h">
      <Filter>ヘッダー ファイル</Filter>
    </ClInclude>
    <ClInclude Include="header\scene\each\Menu.h">
      <Filter>ヘッダー ファイル\scene\each</Filter>
    </ClInclude>
    <ClInclude Include="header\ui\alpha.h">
      <Filter>ヘッダー ファイル\ui</Filter>
    </ClInclude>
    <ClInclude Include="header\ui\EndingUI.h">
      <Filter>ヘッダー ファイル\ui</Filter>
    </ClInclude>
    <ClInclude Include="header\state\enemy\EDashFrontState.h">
      <Filter>ヘッダー ファイル</Filter>
    </ClInclude>
    <ClInclude Include="header\state\enemy\EnemyAIController.h">
      <Filter>ヘッダー ファイル</Filter>
    </ClInclude>
    <ClInclude Include="header\state\enemy\EMoveBackState.h">
      <Filter>ヘッダー ファイル</Filter>
    </ClInclude>
    <ClInclude Include="header\state\enemy\EThinkState.h">
      <Filter>ヘッダー ファイル</Filter>
    </ClInclude>
    <ClInclude Include="header\state\enemy\IEnemyAI.h">
      <Filter>ヘッダー ファイル</Filter>
    </ClInclude>
    <ClInclude Include="header\state\enemy\NearAI.h">
      <Filter>ヘッダー ファイル</Filter>
    </ClInclude>
    <ClInclude Include="header\state\enemy\OverNearAI.h">
      <Filter>ヘッダー ファイル</Filter>
    </ClInclude>
    <ClInclude Include="header\camera\CameraWork\CameraWorkEmpty.h">
      <Filter>ヘッダー ファイル\camera\CameraWork</Filter>
    </ClInclude>
    <ClInclude Include="header\actor\Enemy\EnemyMediator.h">
      <Filter>ヘッダー ファイル</Filter>
    </ClInclude>
    <ClInclude Include="header\state\enemy\EAI.h">
      <Filter>ヘッダー ファイル</Filter>
    </ClInclude>
    <ClInclude Include="header\state\enemy\MiddleRangeAI.h">
      <Filter>ヘッダー ファイル</Filter>
    </ClInclude>
    <ClInclude Include="header\state\enemy\OverFarAI.h">
      <Filter>ヘッダー ファイル</Filter>
    </ClInclude>
    <ClInclude Include="header\state\enemy\ESecoundAttackState.h">
      <Filter>ヘッダー ファイル</Filter>
    </ClInclude>
    <ClInclude Include="header\actor\Enemy\IEnemy.h">
      <Filter>ヘッダー ファイル</Filter>
    </ClInclude>
    <ClInclude Include="header\actor\Enemy\Goblin.h">
      <Filter>ヘッダー ファイル</Filter>
    </ClInclude>
    <ClInclude Include="header\actor\ActorManager.h">
      <Filter>ヘッダー ファイル\actor</Filter>
    </ClInclude>
    <ClInclude Include="header\stage\Phase.h">
      <Filter>ヘッダー ファイル\stage</Filter>
    </ClInclude>
    <ClInclude Include="header\stage\PhaseData.h">
      <Filter>ヘッダー ファイル\stage</Filter>
    </ClInclude>
    <ClInclude Include="header\stage\PhaseManager.h">
      <Filter>ヘッダー ファイル\stage</Filter>
    </ClInclude>
    <ClInclude Include="header\spawn\SpawnArea.h">
      <Filter>ヘッダー ファイル\spawn</Filter>
    </ClInclude>
    <ClInclude Include="header\spawn\SpawnManager.h">
      <Filter>ヘッダー ファイル\spawn</Filter>
    </ClInclude>
    <ClInclude Include="header\spawn\SpawnPoint.h">
      <Filter>ヘッダー ファイル\spawn</Filter>
    </ClInclude>
    <ClInclude Include="header\spawn\SpawnData.h">
      <Filter>ヘッダー ファイル\spawn</Filter>
    </ClInclude>
    <ClInclude Include="header\attack\ShapeData.h">
      <Filter>ヘッダー ファイル\attack</Filter>
    </ClInclude>
    <ClInclude Include="header\attack\SHAPE_TYPE.h">
      <Filter>ヘッダー ファイル\attack</Filter>
    </ClInclude>
    <ClInclude Include="header\attack\AttackParameter.h">
      <Filter>ヘッダー ファイル\attack</Filter>
    </ClInclude>
    <ClInclude Include="header\actor\Enemy\ENEMY_TYPE.h">
      <Filter>ヘッダー ファイル\actor\Enemy</Filter>
    </ClInclude>
    <ClInclude Include="header\renderer\define\OctreeExRenderDesc.h">
      <Filter>ヘッダー ファイル\renderer\define</Filter>
    </ClInclude>
    <ClInclude Include="header\ui\PadSelectUI.h">
      <Filter>ヘッダー ファイル</Filter>
    </ClInclude>
    <ClInclude Include="header\ui\SoundSelectUI.h">
      <Filter>ヘッダー ファイル</Filter>
    </ClInclude>
    <ClInclude Include="header\ui\VolumeSelectUI.h">
      <Filter>ヘッダー ファイル</Filter>
    </ClInclude>
    <ClInclude Include="header\stage\Stage.h">
      <Filter>ヘッダー ファイル\stage</Filter>
    </ClInclude>
    <ClInclude Include="header\actor\Enemy\SlahHand.h">
      <Filter>ヘッダー ファイル\actor\Enemy</Filter>
    </ClInclude>
    <ClInclude Include="header\data\json\Picojson.h">
      <Filter>ヘッダー ファイル\data\json</Filter>
    </ClInclude>
    <ClInclude Include="header\data\stream\SpawnReader.h">
      <Filter>ヘッダー ファイル\data\stream</Filter>
    </ClInclude>
    <ClInclude Include="header\data\stream\PhaseReader.h">
      <Filter>ヘッダー ファイル\data\stream</Filter>
    </ClInclude>
    <ClInclude Include="header\stage\StageData.h">
      <Filter>ヘッダー ファイル\stage</Filter>
    </ClInclude>
    <ClInclude Include="header\data\stream\AttackConverter.h">
      <Filter>ヘッダー ファイル\data\stream\converter</Filter>
    </ClInclude>
    <ClInclude Include="header\data\stream\PhaseConverter.h">
      <Filter>ヘッダー ファイル\data\stream\converter</Filter>
    </ClInclude>
    <ClInclude Include="header\data\stream\SpawnConverter.h">
      <Filter>ヘッダー ファイル\data\stream\converter</Filter>
    </ClInclude>
    <ClInclude Include="header\data\stream\TimeKeyFrameConvert.h">
      <Filter>ヘッダー ファイル\data\stream\converter</Filter>
    </ClInclude>
    <ClInclude Include="header\data\stream\StageConverter.h">
      <Filter>ヘッダー ファイル\data\stream\converter</Filter>
    </ClInclude>
    <ClInclude Include="header\data\stream\StageReader.h">
      <Filter>ヘッダー ファイル\data\stream</Filter>
    </ClInclude>
    <ClInclude Include="header\attack\Revision.h">
      <Filter>ヘッダー ファイル\attack</Filter>
    </ClInclude>
    <ClInclude Include="header\spline\AnimationSpline.h">
      <Filter>ヘッダー ファイル\spline</Filter>
    </ClInclude>
    <ClInclude Include="header\spline\AnimationSplineData.h">
      <Filter>ヘッダー ファイル\spline</Filter>
    </ClInclude>
    <ClInclude Include="header\camera\CameraWork\CameraWorkEvent.h">
      <Filter>ヘッダー ファイル\camera\CameraWork</Filter>
    </ClInclude>
    <ClInclude Include="header\camera\CameraWork\CameraWorkTest.h">
      <Filter>ヘッダー ファイル\camera\CameraWork</Filter>
    </ClInclude>
    <ClInclude Include="header\spline\Spline.h">
      <Filter>ヘッダー ファイル\spline</Filter>
    </ClInclude>
    <ClInclude Include="header\spline\SPLINE_ANIMATION_ID.h">
      <Filter>ヘッダー ファイル\spline</Filter>
    </ClInclude>
    <ClInclude Include="header\spline\SplineAnimManager.h">
      <Filter>ヘッダー ファイル\spline</Filter>
    </ClInclude>
    <ClInclude Include="header\spline\SplineVec3.h">
      <Filter>ヘッダー ファイル\spline</Filter>
    </ClInclude>
    <ClInclude Include="header\camera\LookAt.h">
      <Filter>ヘッダー ファイル\camera</Filter>
    </ClInclude>
    <ClInclude Include="header\camera\CameraWork\CameraWorkNormalBattle.h">
      <Filter>ヘッダー ファイル</Filter>
    </ClInclude>
  </ItemGroup>
  <ItemGroup>
    <ClCompile Include="source\main.cpp">
      <Filter>ソース ファイル</Filter>
    </ClCompile>
    <ClCompile Include="source\light\DirectionalLight.cpp">
      <Filter>ソース ファイル\light</Filter>
    </ClCompile>
    <ClCompile Include="source\light\PointLight.cpp">
      <Filter>ソース ファイル\light</Filter>
    </ClCompile>
    <ClCompile Include="source\light\SpotLight.cpp">
      <Filter>ソース ファイル\light</Filter>
    </ClCompile>
    <ClCompile Include="source\scene\SceneManager.cpp">
      <Filter>ソース ファイル\scene</Filter>
    </ClCompile>
    <ClCompile Include="source\scene\each\Ending.cpp">
      <Filter>ソース ファイル\scene\each</Filter>
    </ClCompile>
    <ClCompile Include="source\scene\each\GamePlay.cpp">
      <Filter>ソース ファイル\scene\each</Filter>
    </ClCompile>
    <ClCompile Include="source\scene\each\Load.cpp">
      <Filter>ソース ファイル\scene\each</Filter>
    </ClCompile>
    <ClCompile Include="source\scene\each\Title.cpp">
      <Filter>ソース ファイル\scene\each</Filter>
    </ClCompile>
    <ClCompile Include="source\animation\Animation.cpp">
      <Filter>ソース ファイル\animation</Filter>
    </ClCompile>
    <ClCompile Include="source\animation\AnimationTimer.cpp">
      <Filter>ソース ファイル\animation</Filter>
    </ClCompile>
    <ClCompile Include="source\shape\Sphere.cpp">
      <Filter>ソース ファイル\shape</Filter>
    </ClCompile>
    <ClCompile Include="source\map\Map.cpp">
      <Filter>ソース ファイル\map</Filter>
    </ClCompile>
    <ClCompile Include="source\shape\Ray.cpp">
      <Filter>ソース ファイル\shape</Filter>
    </ClCompile>
    <ClCompile Include="source\actor\player\Player.cpp">
      <Filter>ソース ファイル\actor\Player</Filter>
    </ClCompile>
    <ClCompile Include="source\shape\Capsule.cpp">
      <Filter>ソース ファイル\shape</Filter>
    </ClCompile>
    <ClCompile Include="source\shape\Segment.cpp">
      <Filter>ソース ファイル\shape</Filter>
    </ClCompile>
    <ClCompile Include="source\animation\AnimatorOne.cpp">
      <Filter>ソース ファイル\animation</Filter>
    </ClCompile>
    <ClCompile Include="source\actor\Actor.cpp">
      <Filter>ソース ファイル\actor</Filter>
    </ClCompile>
    <ClCompile Include="source\ui\Cursor.cpp">
      <Filter>ソース ファイル\ui</Filter>
    </ClCompile>
    <ClCompile Include="source\ui\ScaleImage.cpp">
      <Filter>ソース ファイル\ui</Filter>
    </ClCompile>
    <ClCompile Include="source\ui\SelectUI.cpp">
      <Filter>ソース ファイル\ui</Filter>
    </ClCompile>
    <ClCompile Include="source\ui\TitleUI.cpp">
      <Filter>ソース ファイル\ui</Filter>
    </ClCompile>
    <ClCompile Include="source\scene\SceneChange.cpp">
      <Filter>ソース ファイル\scene</Filter>
    </ClCompile>
    <ClCompile Include="source\ui\Fade.cpp">
      <Filter>ソース ファイル\ui</Filter>
    </ClCompile>
    <ClCompile Include="source\actor\Actor.cpp">
      <Filter>ソース ファイル\actor</Filter>
    </ClCompile>
    <ClCompile Include="source\attack\Scythe.cpp">
      <Filter>ソース ファイル\Attack</Filter>
    </ClCompile>
    <ClCompile Include="source\attack\Attack.cpp">
      <Filter>ソース ファイル\Attack</Filter>
    </ClCompile>
    <ClCompile Include="source\camera\Camera.cpp">
      <Filter>ソース ファイル\camera</Filter>
    </ClCompile>
    <ClCompile Include="source\camera\CameraController.cpp">
      <Filter>ソース ファイル\camera</Filter>
    </ClCompile>
    <ClCompile Include="source\actor\player\Status.cpp">
      <Filter>ソース ファイル\actor\Player</Filter>
    </ClCompile>
    <ClCompile Include="source\collision\CollisionActor.cpp">
      <Filter>ソース ファイル\collision</Filter>
    </ClCompile>
    <ClCompile Include="source\collision\CollisionGroup.cpp">
      <Filter>ソース ファイル\collision</Filter>
    </ClCompile>
    <ClCompile Include="source\scene\each\Option.cpp">
      <Filter>ソース ファイル\scene\each</Filter>
    </ClCompile>
    <ClCompile Include="source\device\Input.cpp">
      <Filter>ソース ファイル\device</Filter>
    </ClCompile>
    <ClCompile Include="source\device\InputPattern_A.cpp">
      <Filter>ソース ファイル\device</Filter>
    </ClCompile>
    <ClCompile Include="source\device\InputPattern_B.cpp">
      <Filter>ソース ファイル\device</Filter>
    </ClCompile>
    <ClCompile Include="source\device\GameDevice.cpp">
      <Filter>ソース ファイル\device</Filter>
    </ClCompile>
    <ClCompile Include="source\scene\each\Opening.cpp">
      <Filter>ソース ファイル\scene\each</Filter>
    </ClCompile>
    <ClCompile Include="source\ui\SlideImage.cpp">
      <Filter>ソース ファイル\ui</Filter>
    </ClCompile>
    <ClCompile Include="source\actor\Boss\Boss.cpp">
      <Filter>ソース ファイル\actor\Boss</Filter>
    </ClCompile>
    <ClCompile Include="source\actor\player\Gauge.cpp">
      <Filter>ソース ファイル\actor\Player</Filter>
    </ClCompile>
    <ClCompile Include="source\sound\Sound.cpp">
      <Filter>ソース ファイル\device</Filter>
    </ClCompile>
    <ClCompile Include="source\camera\LockOn.cpp">
      <Filter>ソース ファイル\camera</Filter>
    </ClCompile>
    <ClCompile Include="source\transform\Quaternion_Utility.cpp">
      <Filter>ソース ファイル\transform</Filter>
    </ClCompile>
    <ClCompile Include="source\transform\Transform.cpp">
      <Filter>ソース ファイル\transform</Filter>
    </ClCompile>
    <ClCompile Include="source\actor\Enemy\EnemyManager.cpp">
      <Filter>ソース ファイル\actor\Enemy</Filter>
    </ClCompile>
    <ClCompile Include="source\math\Random.cpp">
      <Filter>ソース ファイル\math</Filter>
    </ClCompile>
    <ClCompile Include="source\collision\HitInformation.cpp">
      <Filter>ソース ファイル\collision</Filter>
    </ClCompile>
    <ClCompile Include="source\collision\SpecialAttackCollision.cpp">
      <Filter>ソース ファイル\collision\user</Filter>
    </ClCompile>
    <ClCompile Include="source\collision\EnemyCollision.cpp">
      <Filter>ソース ファイル\collision\user</Filter>
    </ClCompile>
    <ClCompile Include="source\collision\EnemyAttackCollision.cpp">
      <Filter>ソース ファイル\collision\user</Filter>
    </ClCompile>
    <ClCompile Include="source\camera\CameraTarget.cpp">
      <Filter>ソース ファイル\camera</Filter>
    </ClCompile>
    <ClCompile Include="source\collision\PlayerAttackCollision.cpp">
      <Filter>ソース ファイル\collision\user</Filter>
    </ClCompile>
    <ClCompile Include="source\state\player\AttackState.cpp">
      <Filter>ソース ファイル\state\player</Filter>
    </ClCompile>
    <ClCompile Include="source\state\player\StandState.cpp">
      <Filter>ソース ファイル\state\player</Filter>
    </ClCompile>
    <ClCompile Include="source\state\player\MoveState.cpp">
      <Filter>ソース ファイル\state\player</Filter>
    </ClCompile>
    <ClCompile Include="source\state\player\DamageState.cpp">
      <Filter>ソース ファイル\state\player</Filter>
    </ClCompile>
    <ClCompile Include="source\state\player\StepState.cpp">
      <Filter>ソース ファイル\state\player</Filter>
    </ClCompile>
    <ClCompile Include="source\subAction\Jumping.cpp">
      <Filter>ソース ファイル\subAction</Filter>
    </ClCompile>
    <ClCompile Include="source\state\player\DoubleJumpState.cpp">
      <Filter>ソース ファイル\state\player</Filter>
    </ClCompile>
    <ClCompile Include="source\state\player\LandingRigidityState.cpp">
      <Filter>ソース ファイル\state\player</Filter>
    </ClCompile>
    <ClCompile Include="source\state\player\LimitFallState.cpp">
      <Filter>ソース ファイル\state\player</Filter>
    </ClCompile>
    <ClCompile Include="source\state\player\SingleJumpState.cpp">
      <Filter>ソース ファイル\state\player</Filter>
    </ClCompile>
    <ClCompile Include="source\subAction\Step.cpp">
      <Filter>ソース ファイル\subAction</Filter>
    </ClCompile>
    <ClCompile Include="source\data\stream\DataReader.cpp">
      <Filter>ソース ファイル\data\stream</Filter>
    </ClCompile>
    <ClCompile Include="source\data\stream\DataWriter.cpp">
      <Filter>ソース ファイル\data\stream</Filter>
    </ClCompile>
    <ClCompile Include="source\data\stream\AttackReader.cpp">
      <Filter>ソース ファイル\data\stream</Filter>
    </ClCompile>
    <ClCompile Include="source\attack\ComboAttack.cpp">
      <Filter>ソース ファイル\Attack</Filter>
    </ClCompile>
    <ClCompile Include="source\collision\PlayerCollision.cpp">
      <Filter>ソース ファイル\collision\user</Filter>
    </ClCompile>
    <ClCompile Include="source\scene\each\GameClear.cpp">
      <Filter>ソース ファイル\scene\each</Filter>
    </ClCompile>
    <ClCompile Include="source\data\Message.cpp">
      <Filter>ソース ファイル\data</Filter>
    </ClCompile>
    <ClCompile Include="source\data\loader\AnimationLoader.cpp">
      <Filter>ソース ファイル\data\loader</Filter>
    </ClCompile>
    <ClCompile Include="source\data\loader\MeshEXLoader.cpp">
      <Filter>ソース ファイル\data\loader</Filter>
    </ClCompile>
    <ClCompile Include="source\data\loader\MeshLoader.cpp">
      <Filter>ソース ファイル\data\loader</Filter>
    </ClCompile>
    <ClCompile Include="source\data\loader\ModelLoader.cpp">
      <Filter>ソース ファイル\data\loader</Filter>
    </ClCompile>
    <ClCompile Include="source\data\loader\OctreeLoader.cpp">
      <Filter>ソース ファイル\data\loader</Filter>
    </ClCompile>
    <ClCompile Include="source\data\loader\ShaderLoader.cpp">
      <Filter>ソース ファイル\data\loader</Filter>
    </ClCompile>
    <ClCompile Include="source\data\loader\SkeletonLoader.cpp">
      <Filter>ソース ファイル\data\loader</Filter>
    </ClCompile>
    <ClCompile Include="source\data\loader\TextureLoader.cpp">
      <Filter>ソース ファイル\data\loader</Filter>
    </ClCompile>
    <ClCompile Include="source\data\release\DeleteModel.cpp">
      <Filter>ソース ファイル\data\release</Filter>
    </ClCompile>
    <ClCompile Include="source\renderer\Renderer.cpp">
      <Filter>ソース ファイル\renderer</Filter>
    </ClCompile>
    <ClCompile Include="source\data\loader\SoundLoader.cpp">
      <Filter>ソース ファイル\data\loader</Filter>
    </ClCompile>
    <ClCompile Include="source\specialskill\Recovery.cpp">
      <Filter>ソース ファイル\specialskill</Filter>
    </ClCompile>
    <ClCompile Include="source\specialskill\SuperArmor.cpp">
      <Filter>ソース ファイル\specialskill</Filter>
    </ClCompile>
    <ClCompile Include="source\specialskill\SpecialAttack.cpp">
      <Filter>ソース ファイル\specialskill</Filter>
    </ClCompile>
    <ClCompile Include="source\specialskill\SpecialSkillManager.cpp">
      <Filter>ソース ファイル\specialskill</Filter>
    </ClCompile>
    <ClCompile Include="source\state\player\SpecialAttackState.cpp">
      <Filter>ソース ファイル\state\player</Filter>
    </ClCompile>
    <ClCompile Include="source\data\release\DataAllRelease.cpp">
      <Filter>ソース ファイル\data\release</Filter>
    </ClCompile>
    <ClCompile Include="source\scene\each\Menu.cpp">
      <Filter>ソース ファイル\scene\each</Filter>
    </ClCompile>
    <ClCompile Include="source\ui\alpha.cpp">
      <Filter>ソース ファイル\ui</Filter>
    </ClCompile>
    <ClCompile Include="source\ui\EndingUI.cpp">
      <Filter>ソース ファイル\ui</Filter>
    </ClCompile>
    <ClCompile Include="source\state\enemy\EAttackState.cpp">
      <Filter>ソース ファイル\state\enemy</Filter>
    </ClCompile>
    <ClCompile Include="source\state\enemy\EDeadState.cpp">
      <Filter>ソース ファイル\state\enemy</Filter>
    </ClCompile>
    <ClCompile Include="source\state\enemy\EDamageState.cpp">
      <Filter>ソース ファイル\state\enemy</Filter>
    </ClCompile>
    <ClCompile Include="source\state\enemy\EMoveState.cpp">
      <Filter>ソース ファイル\state\enemy</Filter>
    </ClCompile>
    <ClCompile Include="source\state\enemy\ESlideState.cpp">
      <Filter>ソース ファイル\state\enemy</Filter>
    </ClCompile>
    <ClCompile Include="source\state\enemy\ESpawnState.cpp">
      <Filter>ソース ファイル\state\enemy</Filter>
    </ClCompile>
    <ClCompile Include="source\state\enemy\EStandState.cpp">
      <Filter>ソース ファイル\state\enemy</Filter>
    </ClCompile>
    <ClCompile Include="source\ui\HPGaugeUI.cpp">
      <Filter>ソース ファイル\ui</Filter>
    </ClCompile>
    <ClCompile Include="source\ui\SPGaugeUI.cpp">
      <Filter>ソース ファイル\ui</Filter>
    </ClCompile>
    <ClCompile Include="source\ui\UIManager.cpp">
      <Filter>ソース ファイル\ui</Filter>
    </ClCompile>
    <ClCompile Include="source\myanimation\MyAnimation.cpp">
      <Filter>ソース ファイル\myanimation</Filter>
    </ClCompile>
    <ClCompile Include="source\myanimation\MyAnimationContainer.cpp">
      <Filter>ソース ファイル\myanimation</Filter>
    </ClCompile>
    <ClCompile Include="source\myanimation\MyAnimationFunc.cpp">
      <Filter>ソース ファイル\myanimation</Filter>
    </ClCompile>
    <ClCompile Include="source\myanimation\TimeKeyFrame.cpp">
      <Filter>ソース ファイル\myanimation</Filter>
    </ClCompile>
    <ClCompile Include="source\data\loader\MyAnimationLoader.cpp">
      <Filter>ソース ファイル\data\loader</Filter>
    </ClCompile>
    <ClCompile Include="source\data\stream\LoadMyAnimation.cpp">
      <Filter>ソース ファイル\data\stream</Filter>
    </ClCompile>
    <ClCompile Include="source\ui\SkillUI.cpp">
      <Filter>ソース ファイル\ui</Filter>
    </ClCompile>
    <ClCompile Include="source\ui\SpecialSkillUI.cpp">
      <Filter>ソース ファイル\ui</Filter>
    </ClCompile>
    <ClCompile Include="source\camera\CameraWork\CameraWorkData.cpp">
      <Filter>ソース ファイル\camera\CameraWork</Filter>
    </ClCompile>
    <ClCompile Include="source\camera\CameraWork\CameraWorkDead.cpp">
      <Filter>ソース ファイル\camera\CameraWork</Filter>
    </ClCompile>
    <ClCompile Include="source\camera\CameraWork\CameraWorkLockOn.cpp">
      <Filter>ソース ファイル\camera\CameraWork</Filter>
    </ClCompile>
    <ClCompile Include="source\camera\CameraWork\CameraWorkManager.cpp">
      <Filter>ソース ファイル\camera\CameraWork</Filter>
    </ClCompile>
    <ClCompile Include="source\camera\CameraWork\CameraWorkNormal.cpp">
      <Filter>ソース ファイル\camera\CameraWork</Filter>
    </ClCompile>
    <ClCompile Include="source\camera\CameraWork\CWParameterReader.cpp">
      <Filter>ソース ファイル\camera\CameraWork</Filter>
    </ClCompile>
    <ClCompile Include="source\scene\each\Pause.cpp">
      <Filter>ソース ファイル\scene\each</Filter>
    </ClCompile>
    <ClCompile Include="source\ui\PauseUI.cpp">
      <Filter>ソース ファイル\ui</Filter>
    </ClCompile>
    <ClCompile Include="source\math\AMath.cpp">
      <Filter>ソース ファイル\math</Filter>
    </ClCompile>
    <ClCompile Include="source\attack\KnockBack.cpp">
      <Filter>ソース ファイル</Filter>
    </ClCompile>
    <ClCompile Include="source\state\enemy\EDashFrontState.cpp">
      <Filter>ソース ファイル</Filter>
    </ClCompile>
    <ClCompile Include="source\state\enemy\EMoveBackState.cpp">
      <Filter>ソース ファイル</Filter>
    </ClCompile>
    <ClCompile Include="source\state\enemy\EThinkState.cpp">
      <Filter>ソース ファイル</Filter>
    </ClCompile>
    <ClCompile Include="source\state\enemy\OverNearAI.cpp">
      <Filter>ソース ファイル\state\enemy</Filter>
    </ClCompile>
    <ClCompile Include="source\state\enemy\NearAI.cpp">
      <Filter>ソース ファイル\state\enemy</Filter>
    </ClCompile>
    <ClCompile Include="source\camera\CameraWork\CameraWorkEmpty.cpp">
      <Filter>ソース ファイル\camera\CameraWork</Filter>
    </ClCompile>
    <ClCompile Include="source\state\enemy\EnemyAIController.cpp">
      <Filter>ソース ファイル</Filter>
    </ClCompile>
    <ClCompile Include="source\state\enemy\ESecoundAttackState.cpp">
      <Filter>ソース ファイル</Filter>
    </ClCompile>
    <ClCompile Include="source\state\enemy\MiddleRangeAI.cpp">
      <Filter>ソース ファイル</Filter>
    </ClCompile>
    <ClCompile Include="source\state\enemy\OverFarAI.cpp">
      <Filter>ソース ファイル</Filter>
    </ClCompile>
    <ClCompile Include="source\actor\Enemy\IEnemy.cpp">
      <Filter>ソース ファイル</Filter>
    </ClCompile>
    <ClCompile Include="source\actor\Enemy\Goblin.cpp">
      <Filter>ソース ファイル</Filter>
    </ClCompile>
    <ClCompile Include="source\actor\ActorManager.cpp">
      <Filter>ソース ファイル\actor</Filter>
    </ClCompile>
    <ClCompile Include="source\stage\Phase.cpp">
      <Filter>ソース ファイル\stage</Filter>
    </ClCompile>
    <ClCompile Include="source\stage\PhaseManager.cpp">
      <Filter>ソース ファイル\stage</Filter>
    </ClCompile>
    <ClCompile Include="source\spawn\SpawnManager.cpp">
      <Filter>ソース ファイル\spawn</Filter>
    </ClCompile>
    <ClCompile Include="source\spawn\SpawnPoint.cpp">
      <Filter>ソース ファイル\spawn</Filter>
    </ClCompile>
    <ClCompile Include="source\data\stream\SpawnReader.cpp">
      <Filter>ソース ファイル\data\stream</Filter>
    </ClCompile>
    <ClCompile Include="source\ui\OptionSelectUI.cpp">
      <Filter>ソース ファイル</Filter>
    </ClCompile>
    <ClCompile Include="source\ui\OptionUI.cpp">
      <Filter>ソース ファイル</Filter>
    </ClCompile>
    <ClCompile Include="source\stage\Stage.cpp">
      <Filter>ソース ファイル\stage</Filter>
    </ClCompile>
    <ClCompile Include="source\actor\Enemy\SlahHand.cpp">
      <Filter>ソース ファイル\actor\Enemy</Filter>
    </ClCompile>
    <ClCompile Include="source\data\stream\PhaseReader.cpp">
      <Filter>ソース ファイル\data\stream</Filter>
    </ClCompile>
    <ClCompile Include="source\data\stream\AttackConverter.cpp">
      <Filter>ソース ファイル\data\stream\converter</Filter>
    </ClCompile>
    <ClCompile Include="source\data\stream\TimeKeyFrameConvert.cpp">
      <Filter>ソース ファイル\data\stream\converter</Filter>
    </ClCompile>
    <ClCompile Include="source\data\stream\SpawnConverter.cpp">
      <Filter>ソース ファイル\data\stream\converter</Filter>
    </ClCompile>
    <ClCompile Include="source\data\stream\PhaseConverter.cpp">
      <Filter>ソース ファイル\data\stream\converter</Filter>
    </ClCompile>
    <ClCompile Include="source\data\stream\StageConverter.cpp">
      <Filter>ソース ファイル\data\stream\converter</Filter>
    </ClCompile>
    <ClCompile Include="source\data\stream\StageReader.cpp">
      <Filter>ソース ファイル\data\stream</Filter>
    </ClCompile>
    <ClCompile Include="source\ui\PadSelectUI.cpp">
      <Filter>ソース ファイル\ui</Filter>
    </ClCompile>
    <ClCompile Include="source\ui\SoundSelectUI.cpp">
      <Filter>ソース ファイル\ui</Filter>
    </ClCompile>
    <ClCompile Include="source\ui\VolumeSelectUI.cpp">
      <Filter>ソース ファイル\ui</Filter>
    </ClCompile>
    <ClCompile Include="source\attack\Revision.cpp">
      <Filter>ソース ファイル\Attack</Filter>
    </ClCompile>
    <ClCompile Include="source\camera\LookAt.cpp">
      <Filter>ソース ファイル</Filter>
    </ClCompile>
    <ClCompile Include="source\spline\AnimationSpline.cpp">
      <Filter>ソース ファイル\spline</Filter>
    </ClCompile>
    <ClCompile Include="source\spline\AnimationSplineData.cpp">
      <Filter>ソース ファイル\spline</Filter>
    </ClCompile>
    <ClCompile Include="source\camera\CameraWork\CameraWorkEvent.cpp">
      <Filter>ソース ファイル\camera\CameraWork</Filter>
    </ClCompile>
    <ClCompile Include="source\camera\CameraWork\CameraWorkTest.cpp">
      <Filter>ソース ファイル\camera\CameraWork</Filter>
    </ClCompile>
    <ClCompile Include="source\spline\Spline.cpp">
      <Filter>ソース ファイル\spline</Filter>
    </ClCompile>
    <ClCompile Include="source\spline\SplineAnimManager.cpp">
      <Filter>ソース ファイル\spline</Filter>
    </ClCompile>
    <ClCompile Include="source\spline\SplineVec3.cpp">
      <Filter>ソース ファイル\spline</Filter>
    </ClCompile>
    <ClCompile Include="source\animation\convenient\Point.cpp">
      <Filter>ソース ファイル\convenient</Filter>
    </ClCompile>
    <ClCompile Include="source\animation\convenient\Timer.cpp">
      <Filter>ソース ファイル\convenient</Filter>
    </ClCompile>
    <ClCompile Include="source\camera\CameraWork\CameraWorkNormalBattle.cpp">
      <Filter>ソース ファイル</Filter>
    </ClCompile>
  </ItemGroup>
</Project>