<?xml version="1.0" encoding="utf-8"?>
<Project ToolsVersion="4.0" xmlns="http://schemas.microsoft.com/developer/msbuild/2003">
  <ItemGroup>
    <Filter Include="ヘッダー ファイル">
      <UniqueIdentifier>{93995380-89BD-4b04-88EB-625FBE52EBFB}</UniqueIdentifier>
      <Extensions>h;hh;hpp;hxx;hm;inl;inc;xsd</Extensions>
    </Filter>
    <Filter Include="リソース ファイル">
      <UniqueIdentifier>{67DA6AB6-F800-4c08-8B7A-83BB121AAD01}</UniqueIdentifier>
      <Extensions>rc;ico;cur;bmp;dlg;rc2;rct;bin;rgs;gif;jpg;jpeg;jpe;resx;tiff;tif;png;wav;mfcribbon-ms</Extensions>
    </Filter>
    <Filter Include="util">
      <UniqueIdentifier>{32e2145c-5130-43e3-9f31-45664b3f8aa1}</UniqueIdentifier>
    </Filter>
    <Filter Include="ヘッダー ファイル\actor">
      <UniqueIdentifier>{2246a75d-e06b-40fd-a1a8-a1a3afec84c4}</UniqueIdentifier>
    </Filter>
    <Filter Include="ヘッダー ファイル\math">
      <UniqueIdentifier>{c75ae539-64b7-4c06-8841-df9a0796b241}</UniqueIdentifier>
    </Filter>
    <Filter Include="ヘッダー ファイル\entity">
      <UniqueIdentifier>{8e23d08f-a5bb-43ce-8d92-f52edd157abe}</UniqueIdentifier>
    </Filter>
    <Filter Include="ヘッダー ファイル\renderer">
      <UniqueIdentifier>{2b2e0ff7-f4a0-4ef5-ada6-2b104d095a2d}</UniqueIdentifier>
    </Filter>
    <Filter Include="ヘッダー ファイル\data">
      <UniqueIdentifier>{9008e198-226a-4d33-9161-f582b92ab69e}</UniqueIdentifier>
    </Filter>
    <Filter Include="ソース ファイル">
      <UniqueIdentifier>{4FC737F1-C7A5-4376-A066-2A32D752A2FF}</UniqueIdentifier>
      <Extensions>cpp;c;cc;cxx;def;odl;idl;hpj;bat;asm;asmx</Extensions>
    </Filter>
    <Filter Include="ソース ファイル\light">
      <UniqueIdentifier>{0a00c302-c9fb-4d6c-83d3-af30e7e3f276}</UniqueIdentifier>
    </Filter>
    <Filter Include="ソース ファイル\renderer">
      <UniqueIdentifier>{aa7ecfc3-d6f2-48b8-ac99-79c3b283e998}</UniqueIdentifier>
    </Filter>
    <Filter Include="ソース ファイル\data">
      <UniqueIdentifier>{6fe53640-bf53-41bb-8e0d-fd329785c149}</UniqueIdentifier>
    </Filter>
    <Filter Include="ヘッダー ファイル\light">
      <UniqueIdentifier>{96bb23a3-759e-4165-9946-542bf7dcc6d7}</UniqueIdentifier>
    </Filter>
    <Filter Include="ソース ファイル\device">
      <UniqueIdentifier>{8e80c7fd-3fab-4aeb-b550-21490bb8520d}</UniqueIdentifier>
    </Filter>
    <Filter Include="ヘッダー ファイル\device">
      <UniqueIdentifier>{80176e14-bebd-4e22-bc24-503cbc787920}</UniqueIdentifier>
    </Filter>
    <Filter Include="ヘッダー ファイル\array">
      <UniqueIdentifier>{229af078-2adb-4de5-a2bf-786e9ddab527}</UniqueIdentifier>
    </Filter>
    <Filter Include="ソース ファイル\scene">
      <UniqueIdentifier>{0ef0df93-eada-4a65-ac9f-b16e5dfc4405}</UniqueIdentifier>
    </Filter>
    <Filter Include="ソース ファイル\scene\each">
      <UniqueIdentifier>{942ca9f6-110a-4039-adfb-55fefdebb8f5}</UniqueIdentifier>
    </Filter>
    <Filter Include="ヘッダー ファイル\data\id">
      <UniqueIdentifier>{0e44e006-9926-4892-8601-12b87d5e09d5}</UniqueIdentifier>
    </Filter>
    <Filter Include="ヘッダー ファイル\camera">
      <UniqueIdentifier>{8b26a032-4802-4034-ae6c-fef2d4b00838}</UniqueIdentifier>
    </Filter>
    <Filter Include="ソース ファイル\camera">
      <UniqueIdentifier>{975d37c5-230f-47f6-a801-9ad3ca6a7302}</UniqueIdentifier>
    </Filter>
    <Filter Include="ソース ファイル\actor">
      <UniqueIdentifier>{4900f0d3-c46c-4a57-b191-aa0aebddcd2a}</UniqueIdentifier>
    </Filter>
    <Filter Include="ソース ファイル\actor\Player">
      <UniqueIdentifier>{7c1265b2-f6eb-48d2-844d-2d054a86a670}</UniqueIdentifier>
    </Filter>
    <Filter Include="ヘッダー ファイル\actor\Player">
      <UniqueIdentifier>{e5c09450-9b90-4e6b-81f4-8ebe36a23f21}</UniqueIdentifier>
    </Filter>
    <Filter Include="ヘッダー ファイル\animation">
      <UniqueIdentifier>{df5e587a-90bc-43ee-a3f5-e07d31577869}</UniqueIdentifier>
    </Filter>
    <Filter Include="ソース ファイル\animation">
      <UniqueIdentifier>{31cadc3f-2436-46cd-a77d-8c705b5e49e1}</UniqueIdentifier>
    </Filter>
    <Filter Include="ヘッダー ファイル\scene">
      <UniqueIdentifier>{3c3bb691-036c-4973-b0eb-7a7e54713d69}</UniqueIdentifier>
    </Filter>
    <Filter Include="ヘッダー ファイル\scene\each">
      <UniqueIdentifier>{d7397896-6697-4bd7-b092-91c3df135684}</UniqueIdentifier>
    </Filter>
    <Filter Include="ソース ファイル\shape">
      <UniqueIdentifier>{5836e1ef-63ad-44d2-b8a1-bda7e93e8d88}</UniqueIdentifier>
    </Filter>
    <Filter Include="ヘッダー ファイル\shape">
      <UniqueIdentifier>{d1514622-14bc-42f8-8b00-3f830a4d902e}</UniqueIdentifier>
    </Filter>
    <Filter Include="ヘッダー ファイル\actor\state">
      <UniqueIdentifier>{61104c57-671d-43c7-85b4-db3010b8f8be}</UniqueIdentifier>
    </Filter>
    <Filter Include="ヘッダー ファイル\actor\state\each">
      <UniqueIdentifier>{4946e860-a7a5-4d96-a5e3-7c077b525eeb}</UniqueIdentifier>
    </Filter>
    <Filter Include="ソース ファイル\actor\state">
      <UniqueIdentifier>{d9e47648-a575-4ce5-9744-67c5b1d7719a}</UniqueIdentifier>
    </Filter>
    <Filter Include="ヘッダー ファイル\map">
      <UniqueIdentifier>{44fc76f1-a64f-4578-9094-160cf249bb25}</UniqueIdentifier>
    </Filter>
    <Filter Include="ソース ファイル\map">
      <UniqueIdentifier>{c5ec5119-50c6-4057-bc3b-83148361c7bc}</UniqueIdentifier>
    </Filter>
    <Filter Include="ヘッダー ファイル\convenient">
      <UniqueIdentifier>{6f14157c-b4c8-4977-97a4-7d6b5d5979df}</UniqueIdentifier>
    </Filter>
    <Filter Include="ソース ファイル\convenient">
      <UniqueIdentifier>{d0cf5e72-4097-46d2-af6f-1b6fb3c150d3}</UniqueIdentifier>
    </Filter>
    <Filter Include="ヘッダー ファイル\actor\airState">
      <UniqueIdentifier>{458efabf-2d15-41af-9a24-ecbdfdeb8ab0}</UniqueIdentifier>
    </Filter>
    <Filter Include="ソース ファイル\actor\airState">
      <UniqueIdentifier>{24f5ff04-3024-4e2f-afc1-02dce1a1bef7}</UniqueIdentifier>
    </Filter>
    <Filter Include="ヘッダー ファイル\subAction">
      <UniqueIdentifier>{8bdf0c07-093b-46da-a850-ca511f2967a9}</UniqueIdentifier>
    </Filter>
    <Filter Include="ソース ファイル\subAction">
      <UniqueIdentifier>{eb9dd5e1-dbda-4042-9f93-c4b85a260fdd}</UniqueIdentifier>
    </Filter>
  </ItemGroup>
  <ItemGroup>
    <ClInclude Include="Util\BasicShapes.h">
      <Filter>util</Filter>
    </ClInclude>
    <ClInclude Include="Util\EffectGL.h">
      <Filter>util</Filter>
    </ClInclude>
    <ClInclude Include="Util\RenderTarget.h">
      <Filter>util</Filter>
    </ClInclude>
    <ClInclude Include="header\math\Calculate.h">
      <Filter>ヘッダー ファイル\math</Filter>
    </ClInclude>
    <ClInclude Include="header\light\DirectionalLight.h">
      <Filter>ヘッダー ファイル\light</Filter>
    </ClInclude>
    <ClInclude Include="header\light\PointLight.h">
      <Filter>ヘッダー ファイル\light</Filter>
    </ClInclude>
    <ClInclude Include="header\light\SpotLight.h">
      <Filter>ヘッダー ファイル\light</Filter>
    </ClInclude>
    <ClInclude Include="header\entity\CloneCreator.h">
      <Filter>ヘッダー ファイル\entity</Filter>
    </ClInclude>
    <ClInclude Include="header\entity\EntityManager.h">
      <Filter>ヘッダー ファイル\entity</Filter>
    </ClInclude>
    <ClInclude Include="header\entity\Factory.h">
      <Filter>ヘッダー ファイル\entity</Filter>
    </ClInclude>
    <ClInclude Include="header\renderer\Draw2D.h">
      <Filter>ヘッダー ファイル\renderer</Filter>
    </ClInclude>
    <ClInclude Include="header\data\Loader.h">
      <Filter>ヘッダー ファイル\data</Filter>
    </ClInclude>
    <ClInclude Include="header\device\Input.h">
      <Filter>ヘッダー ファイル\device</Filter>
    </ClInclude>
    <ClInclude Include="header\math\Random.h">
      <Filter>ヘッダー ファイル\math</Filter>
    </ClInclude>
    <ClInclude Include="header\array\Array.h">
      <Filter>ヘッダー ファイル\array</Filter>
    </ClInclude>
    <ClInclude Include="header\array\Array2D.h">
      <Filter>ヘッダー ファイル\array</Filter>
    </ClInclude>
    <ClInclude Include="header\scene\IScene.h">
      <Filter>ヘッダー ファイル\scene</Filter>
    </ClInclude>
    <ClInclude Include="header\scene\SceneManager.h">
      <Filter>ヘッダー ファイル\scene</Filter>
    </ClInclude>
    <ClInclude Include="header\scene\each\Ending.h">
      <Filter>ヘッダー ファイル\scene\each</Filter>
    </ClInclude>
    <ClInclude Include="header\scene\each\GamePlay.h">
      <Filter>ヘッダー ファイル\scene\each</Filter>
    </ClInclude>
    <ClInclude Include="header\scene\each\Load.h">
      <Filter>ヘッダー ファイル\scene\each</Filter>
    </ClInclude>
    <ClInclude Include="header\scene\each\Title.h">
      <Filter>ヘッダー ファイル\scene\each</Filter>
    </ClInclude>
    <ClInclude Include="header\scene\SceneMode.h">
      <Filter>ヘッダー ファイル\scene</Filter>
    </ClInclude>
    <ClInclude Include="header\data\Release.h">
      <Filter>ヘッダー ファイル\data</Filter>
    </ClInclude>
    <ClInclude Include="header\data\CastID.h">
      <Filter>ヘッダー ファイル\data</Filter>
    </ClInclude>
    <ClInclude Include="header\data\LoadError.h">
      <Filter>ヘッダー ファイル\data</Filter>
    </ClInclude>
    <ClInclude Include="header\data\ANIMATION_ID.h">
      <Filter>ヘッダー ファイル\data\id</Filter>
    </ClInclude>
    <ClInclude Include="header\data\BGM_ID.h">
      <Filter>ヘッダー ファイル\data\id</Filter>
    </ClInclude>
    <ClInclude Include="header\data\MESH_ID.h">
      <Filter>ヘッダー ファイル\data\id</Filter>
    </ClInclude>
    <ClInclude Include="header\data\OCTREE_ID.h">
      <Filter>ヘッダー ファイル\data\id</Filter>
    </ClInclude>
    <ClInclude Include="header\data\SE_ID.h">
      <Filter>ヘッダー ファイル\data\id</Filter>
    </ClInclude>
    <ClInclude Include="header\data\TEXTURE_ID.h">
      <Filter>ヘッダー ファイル\data\id</Filter>
    </ClInclude>
    <ClInclude Include="header\data\SKELETON_ID.h">
      <Filter>ヘッダー ファイル\data\id</Filter>
    </ClInclude>
    <ClInclude Include="header\camera\Camera.h">
      <Filter>ヘッダー ファイル\camera</Filter>
    </ClInclude>
    <ClInclude Include="header\actor\Player\Player.h">
      <Filter>ヘッダー ファイル\actor\Player</Filter>
    </ClInclude>
    <ClInclude Include="header\animation\Animation.h">
      <Filter>ヘッダー ファイル\animation</Filter>
    </ClInclude>
    <ClInclude Include="header\animation\AnimationTimer.h">
      <Filter>ヘッダー ファイル\animation</Filter>
    </ClInclude>
    <ClInclude Include="header\data\PathConnect.h">
      <Filter>ヘッダー ファイル\data</Filter>
    </ClInclude>
    <ClInclude Include="header\renderer\Draw3D.h">
      <Filter>ヘッダー ファイル\renderer</Filter>
    </ClInclude>
    <ClInclude Include="header\renderer\Renderer.h">
      <Filter>ヘッダー ファイル\renderer</Filter>
    </ClInclude>
    <ClInclude Include="header\shape\Sphere.h">
      <Filter>ヘッダー ファイル\shape</Filter>
    </ClInclude>
    <ClInclude Include="header\actor\ICharacter.h">
      <Filter>ヘッダー ファイル\actor</Filter>
    </ClInclude>
    <ClInclude Include="header\actor\TestActor.h">
      <Filter>ヘッダー ファイル\actor</Filter>
    </ClInclude>
    <ClInclude Include="header\map\Map.h">
      <Filter>ヘッダー ファイル\map</Filter>
    </ClInclude>
    <ClInclude Include="header\shape\Ray.h">
      <Filter>ヘッダー ファイル\shape</Filter>
    </ClInclude>
    <ClInclude Include="header\convenient\Timer.h">
      <Filter>ヘッダー ファイル\convenient</Filter>
    </ClInclude>
    <ClInclude Include="header\actor\state\AttackState.h">
      <Filter>ヘッダー ファイル\actor\state\each</Filter>
    </ClInclude>
    <ClInclude Include="header\actor\state\IActionState.h">
      <Filter>ヘッダー ファイル\actor\state\each</Filter>
    </ClInclude>
    <ClInclude Include="header\actor\state\MoveState.h">
      <Filter>ヘッダー ファイル\actor\state\each</Filter>
    </ClInclude>
    <ClInclude Include="header\actor\state\StandState.h">
      <Filter>ヘッダー ファイル\actor\state\each</Filter>
    </ClInclude>
    <ClInclude Include="header\animation\Animator.h">
      <Filter>ヘッダー ファイル</Filter>
    </ClInclude>
    <ClInclude Include="header\data\Model_ID.h">
      <Filter>ヘッダー ファイル</Filter>
    </ClInclude>
    <ClInclude Include="header\data\PLAYERACTION_ID.h">
      <Filter>ヘッダー ファイル</Filter>
    </ClInclude>
    <ClInclude Include="header\subAction\subActionManager.h">
      <Filter>ヘッダー ファイル\subAction</Filter>
    </ClInclude>
    <ClInclude Include="header\actor\state\chainMoveState.h">
      <Filter>ヘッダー ファイル\actor\state\each</Filter>
    </ClInclude>
    <ClInclude Include="header\actor\Actor_Tag.h">
      <Filter>ヘッダー ファイル</Filter>
    </ClInclude>
    <ClInclude Include="header\actor\AttackActor.h">
      <Filter>ヘッダー ファイル</Filter>
    </ClInclude>
    <ClInclude Include="header\actionstate\AttackState.h">
      <Filter>ヘッダー ファイル</Filter>
    </ClInclude>
    <ClInclude Include="header\actionstate\IActionState.h">
      <Filter>ヘッダー ファイル</Filter>
    </ClInclude>
    <ClInclude Include="header\actionstate\MoveState.h">
      <Filter>ヘッダー ファイル</Filter>
    </ClInclude>
    <ClInclude Include="header\actionstate\StandState.h">
      <Filter>ヘッダー ファイル</Filter>
    </ClInclude>
    <ClInclude Include="header\attack\AttackStatus.h">
      <Filter>ヘッダー ファイル</Filter>
    </ClInclude>
    <ClInclude Include="header\attack\ContinuationCombo.h">
      <Filter>ヘッダー ファイル</Filter>
    </ClInclude>
    <ClInclude Include="header\convenient\Point.h">
      <Filter>ヘッダー ファイル</Filter>
    </ClInclude>
    <ClInclude Include="header\subAction\TestChainMove.h">
      <Filter>ヘッダー ファイル</Filter>
    </ClInclude>
    <ClInclude Include="header\subAction\TestJump.h">
      <Filter>ヘッダー ファイル</Filter>
    </ClInclude>
    <ClInclude Include="header\collision\CollisionManager.h">
      <Filter>ヘッダー ファイル</Filter>
    </ClInclude>
    <ClInclude Include="header\collision\CollisionMediator.h">
      <Filter>ヘッダー ファイル</Filter>
    </ClInclude>
    <ClInclude Include="header\collision\CollisionObject.h">
      <Filter>ヘッダー ファイル</Filter>
    </ClInclude>
    <ClInclude Include="header\collision\CollisionTable.h">
      <Filter>ヘッダー ファイル</Filter>
    </ClInclude>
    <ClInclude Include="header\shape\AABB.h">
      <Filter>ヘッダー ファイル</Filter>
    </ClInclude>
    <ClInclude Include="header\shape\Capsule.h">
      <Filter>ヘッダー ファイル</Filter>
    </ClInclude>
    <ClInclude Include="header\shape\OBB.h">
      <Filter>ヘッダー ファイル</Filter>
    </ClInclude>
    <ClInclude Include="header\shape\Segment.h">
      <Filter>ヘッダー ファイル</Filter>
    </ClInclude>
    <ClInclude Include="header\shape\Shape.h">
      <Filter>ヘッダー ファイル</Filter>
    </ClInclude>
    <ClInclude Include="header\convenient\Transform.h">
      <Filter>ヘッダー ファイル</Filter>
    </ClInclude>
    <ClInclude Include="header\subAction\subActionManager.h">
      <Filter>ヘッダー ファイル</Filter>
    </ClInclude>
    <ClInclude Include="header\subAction\subActionManager.h">
      <Filter>ヘッダー ファイル</Filter>
    </ClInclude>
    <ClInclude Include="header\subAction\subActionManager.h">
      <Filter>ヘッダー ファイル</Filter>
    </ClInclude>
    <ClInclude Include="header\actionstate\JumpState.h">
      <Filter>ヘッダー ファイル\actor\state\each</Filter>
    </ClInclude>
    <ClInclude Include="header\subAction\subActionManager.h">
      <Filter>ヘッダー ファイル</Filter>
    </ClInclude>
    <ClInclude Include="header\actor\airstate\firstStep.h">
      <Filter>ヘッダー ファイル\actor\airState</Filter>
    </ClInclude>
    <ClInclude Include="header\actor\airstate\groundState.h">
      <Filter>ヘッダー ファイル\actor\airState</Filter>
    </ClInclude>
    <ClInclude Include="header\actor\airstate\IAirState.h">
      <Filter>ヘッダー ファイル\actor\airState</Filter>
    </ClInclude>
    <ClInclude Include="header\actor\airstate\jumpControl.h">
      <Filter>ヘッダー ファイル\actor\airState</Filter>
    </ClInclude>
    <ClInclude Include="header\actor\airstate\RestrictionFall.h">
      <Filter>ヘッダー ファイル\actor\airState</Filter>
    </ClInclude>
    <ClInclude Include="header\actor\airstate\secondStep.h">
      <Filter>ヘッダー ファイル\actor\airState</Filter>
    </ClInclude>
    <ClInclude Include="header\subAction\subActionManager.h">
      <Filter>ヘッダー ファイル</Filter>
    </ClInclude>
    <ClInclude Include="header\actor\airstate\RigorState.h">
      <Filter>ヘッダー ファイル\actor\airState</Filter>
    </ClInclude>
    <ClInclude Include="header\subAction\subActionManager.h">
      <Filter>ヘッダー ファイル</Filter>
    </ClInclude>
    <ClInclude Include="header\actor\Actor.h">
      <Filter>ヘッダー ファイル\actor</Filter>
    </ClInclude>
  </ItemGroup>
  <ItemGroup>
    <ClCompile Include="Util\BasicShapes.cpp">
      <Filter>util</Filter>
    </ClCompile>
    <ClCompile Include="source\main.cpp">
      <Filter>ソース ファイル</Filter>
    </ClCompile>
    <ClCompile Include="source\light\DirectionalLight.cpp">
      <Filter>ソース ファイル\light</Filter>
    </ClCompile>
    <ClCompile Include="source\light\PointLight.cpp">
      <Filter>ソース ファイル\light</Filter>
    </ClCompile>
    <ClCompile Include="source\light\SpotLight.cpp">
      <Filter>ソース ファイル\light</Filter>
    </ClCompile>
    <ClCompile Include="source\renderer\Draw2D.cpp">
      <Filter>ソース ファイル\renderer</Filter>
    </ClCompile>
    <ClCompile Include="source\input\Input.cpp">
      <Filter>ソース ファイル\device</Filter>
    </ClCompile>
    <ClCompile Include="source\scene\SceneManager.cpp">
      <Filter>ソース ファイル\scene</Filter>
    </ClCompile>
    <ClCompile Include="source\scene\each\Ending.cpp">
      <Filter>ソース ファイル\scene\each</Filter>
    </ClCompile>
    <ClCompile Include="source\scene\each\GamePlay.cpp">
      <Filter>ソース ファイル\scene\each</Filter>
    </ClCompile>
    <ClCompile Include="source\scene\each\Load.cpp">
      <Filter>ソース ファイル\scene\each</Filter>
    </ClCompile>
    <ClCompile Include="source\scene\each\Title.cpp">
      <Filter>ソース ファイル\scene\each</Filter>
    </ClCompile>
    <ClCompile Include="source\data\Release.cpp">
      <Filter>ソース ファイル\data</Filter>
    </ClCompile>
    <ClCompile Include="source\data\LoadError.cpp">
      <Filter>ソース ファイル\data</Filter>
    </ClCompile>
    <ClCompile Include="source\camera\Camera.cpp">
      <Filter>ソース ファイル\camera</Filter>
    </ClCompile>
    <ClCompile Include="source\animation\Animation.cpp">
      <Filter>ソース ファイル\animation</Filter>
    </ClCompile>
    <ClCompile Include="source\animation\AnimationTimer.cpp">
      <Filter>ソース ファイル\animation</Filter>
    </ClCompile>
    <ClCompile Include="source\renderer\Draw3D.cpp">
      <Filter>ソース ファイル\renderer</Filter>
    </ClCompile>
    <ClCompile Include="source\renderer\Renderer.cpp">
      <Filter>ソース ファイル\renderer</Filter>
    </ClCompile>
    <ClCompile Include="source\shape\Sphere.cpp">
      <Filter>ソース ファイル\shape</Filter>
    </ClCompile>
    <ClCompile Include="source\map\Map.cpp">
      <Filter>ソース ファイル\map</Filter>
    </ClCompile>
    <ClCompile Include="source\shape\Ray.cpp">
      <Filter>ソース ファイル\shape</Filter>
    </ClCompile>
    <ClCompile Include="source\convenient\Timer.cpp">
      <Filter>ソース ファイル\convenient</Filter>
    </ClCompile>
    <ClCompile Include="source\actor\Actor.cpp">
      <Filter>ソース ファイル\actor</Filter>
    </ClCompile>
    <ClCompile Include="source\actor\TestActor.cpp">
      <Filter>ソース ファイル\actor</Filter>
    </ClCompile>
    <ClCompile Include="source\actor\player\Player.cpp">
      <Filter>ソース ファイル\actor\Player</Filter>
    </ClCompile>
    <ClCompile Include="source\animation\Animator.cpp">
      <Filter>ソース ファイル</Filter>
    </ClCompile>
    <ClCompile Include="source\subAction\subActionManager.cpp">
      <Filter>ソース ファイル\subAction</Filter>
    </ClCompile>
    <ClCompile Include="source\actor\airState\secondStep.cpp">
      <Filter>ソース ファイル\actor\airState</Filter>
    </ClCompile>
    <ClCompile Include="source\actor\airState\jumpControl.cpp">
      <Filter>ソース ファイル\actor\airState</Filter>
    </ClCompile>
    <ClCompile Include="source\actor\airState\groundState.cpp">
      <Filter>ソース ファイル\actor\airState</Filter>
    </ClCompile>
    <ClCompile Include="source\actor\airState\firstStep.cpp">
      <Filter>ソース ファイル\actor\airState</Filter>
    </ClCompile>
    <ClCompile Include="source\actionstate\AttackState.cpp">
      <Filter>ソース ファイル</Filter>
    </ClCompile>
    <ClCompile Include="source\actionstate\JumpState.cpp">
      <Filter>ソース ファイル</Filter>
    </ClCompile>
    <ClCompile Include="source\actionstate\MoveState.cpp">
      <Filter>ソース ファイル</Filter>
    </ClCompile>
    <ClCompile Include="source\actionstate\StandState.cpp">
      <Filter>ソース ファイル</Filter>
    </ClCompile>
    <ClCompile Include="source\attack\AttackStatus.cpp">
      <Filter>ソース ファイル</Filter>
    </ClCompile>
    <ClCompile Include="source\attack\ContinuationCombo.cpp">
      <Filter>ソース ファイル</Filter>
    </ClCompile>
    <ClCompile Include="source\convenient\Point.cpp">
      <Filter>ソース ファイル</Filter>
    </ClCompile>
    <ClCompile Include="source\subAction\TestChainMove.cpp">
      <Filter>ソース ファイル</Filter>
    </ClCompile>
    <ClCompile Include="source\subAction\TestJump.cpp">
      <Filter>ソース ファイル</Filter>
    </ClCompile>
    <ClCompile Include="source\collision\CollisionManager.cpp">
      <Filter>ソース ファイル</Filter>
    </ClCompile>
    <ClCompile Include="source\collision\CollisionObject.cpp">
      <Filter>ソース ファイル</Filter>
    </ClCompile>
    <ClCompile Include="source\collision\CollisionTable.cpp">
      <Filter>ソース ファイル</Filter>
    </ClCompile>
    <ClCompile Include="source\shape\AABB.cpp">
      <Filter>ソース ファイル</Filter>
    </ClCompile>
    <ClCompile Include="source\shape\Capsule.cpp">
      <Filter>ソース ファイル</Filter>
    </ClCompile>
    <ClCompile Include="source\shape\OBB.cpp">
      <Filter>ソース ファイル</Filter>
    </ClCompile>
    <ClCompile Include="source\shape\Segment.cpp">
      <Filter>ソース ファイル</Filter>
    </ClCompile>
    <ClCompile Include="source\subAction\subActionManager.cpp">
      <Filter>ソース ファイル</Filter>
    </ClCompile>
    <ClCompile Include="source\convenient\Transform.cpp">
      <Filter>ソース ファイル\convenient</Filter>
    </ClCompile>
    <ClCompile Include="source\subAction\subActionManager.cpp">
      <Filter>ソース ファイル</Filter>
    </ClCompile>
    <ClCompile Include="source\subAction\subActionManager.cpp">
      <Filter>ソース ファイル</Filter>
    </ClCompile>
    <ClCompile Include="source\actor\airState\RestrictionFall.cpp">
      <Filter>ソース ファイル\actor\airState</Filter>
    </ClCompile>
    <ClCompile Include="source\subAction\subActionManager.cpp">
      <Filter>ソース ファイル</Filter>
    </ClCompile>
    <ClCompile Include="source\actor\airState\RigorState.cpp">
      <Filter>ソース ファイル\actor\airState</Filter>
    </ClCompile>
    <ClCompile Include="source\subAction\subActionManager.cpp">
      <Filter>ソース ファイル</Filter>
    </ClCompile>
    <ClCompile Include="source\subAction\subActionManager.cpp">
      <Filter>ソース ファイル</Filter>
    </ClCompile>
  </ItemGroup>
</Project>